// !$*UTF8*$!
{
	archiveVersion = 1;
	classes = {
	};
	objectVersion = 56;
	objects = {

/* Begin PBXBuildFile section */
		E5EED5942C32DCD000CBB5A5 /* TMDBApp.swift in Sources */ = {isa = PBXBuildFile; fileRef = E5EED5932C32DCD000CBB5A5 /* TMDBApp.swift */; };
		E5EED5982C32DCD100CBB5A5 /* Assets.xcassets in Resources */ = {isa = PBXBuildFile; fileRef = E5EED5972C32DCD100CBB5A5 /* Assets.xcassets */; };
		E5EED59B2C32DCD100CBB5A5 /* Preview Assets.xcassets in Resources */ = {isa = PBXBuildFile; fileRef = E5EED59A2C32DCD100CBB5A5 /* Preview Assets.xcassets */; };
		E5EED5AF2C32DCD200CBB5A5 /* TMDBUITests.swift in Sources */ = {isa = PBXBuildFile; fileRef = E5EED5AE2C32DCD200CBB5A5 /* TMDBUITests.swift */; };
		E5EED5B12C32DCD200CBB5A5 /* TMDBUITestsLaunchTests.swift in Sources */ = {isa = PBXBuildFile; fileRef = E5EED5B02C32DCD200CBB5A5 /* TMDBUITestsLaunchTests.swift */; };
		E5EED7552C330AB300CBB5A5 /* Presentation.framework in Frameworks */ = {isa = PBXBuildFile; fileRef = E5EED7542C330AB300CBB5A5 /* Presentation.framework */; };
		E5EED7562C330AB300CBB5A5 /* Presentation.framework in Embed Frameworks */ = {isa = PBXBuildFile; fileRef = E5EED7542C330AB300CBB5A5 /* Presentation.framework */; settings = {ATTRIBUTES = (CodeSignOnCopy, RemoveHeadersOnCopy, ); }; };
		E5F753582C383F3100308E5D /* CoreDataModel.xcdatamodeld in Sources */ = {isa = PBXBuildFile; fileRef = E5F753562C383F3100308E5D /* CoreDataModel.xcdatamodeld */; };
		E5F7535A2C38C2F100308E5D /* DIContainer.swift in Sources */ = {isa = PBXBuildFile; fileRef = E5F753592C38C2F100308E5D /* DIContainer.swift */; };
		E5F7535C2C38C33700308E5D /* Caching.framework in Frameworks */ = {isa = PBXBuildFile; fileRef = E5F7535B2C38C33700308E5D /* Caching.framework */; };
		E5F7535D2C38C33700308E5D /* Caching.framework in Embed Frameworks */ = {isa = PBXBuildFile; fileRef = E5F7535B2C38C33700308E5D /* Caching.framework */; settings = {ATTRIBUTES = (CodeSignOnCopy, RemoveHeadersOnCopy, ); }; };
		E5F7535F2C38C33B00308E5D /* Networking.framework in Frameworks */ = {isa = PBXBuildFile; fileRef = E5F7535E2C38C33B00308E5D /* Networking.framework */; };
		E5F753602C38C33B00308E5D /* Networking.framework in Embed Frameworks */ = {isa = PBXBuildFile; fileRef = E5F7535E2C38C33B00308E5D /* Networking.framework */; settings = {ATTRIBUTES = (CodeSignOnCopy, RemoveHeadersOnCopy, ); }; };
		E5F753622C38C33E00308E5D /* Data.framework in Frameworks */ = {isa = PBXBuildFile; fileRef = E5F753612C38C33E00308E5D /* Data.framework */; };
		E5F753632C38C33E00308E5D /* Data.framework in Embed Frameworks */ = {isa = PBXBuildFile; fileRef = E5F753612C38C33E00308E5D /* Data.framework */; settings = {ATTRIBUTES = (CodeSignOnCopy, RemoveHeadersOnCopy, ); }; };
		E5F753652C38C34A00308E5D /* Domain.framework in Frameworks */ = {isa = PBXBuildFile; fileRef = E5F753642C38C34A00308E5D /* Domain.framework */; };
		E5F753662C38C34A00308E5D /* Domain.framework in Embed Frameworks */ = {isa = PBXBuildFile; fileRef = E5F753642C38C34A00308E5D /* Domain.framework */; settings = {ATTRIBUTES = (CodeSignOnCopy, RemoveHeadersOnCopy, ); }; };
		E5F753682C38C53600308E5D /* MainContentView.swift in Sources */ = {isa = PBXBuildFile; fileRef = E5F753672C38C53600308E5D /* MainContentView.swift */; };
/* End PBXBuildFile section */

/* Begin PBXContainerItemProxy section */
		E5EED5A12C32DCD200CBB5A5 /* PBXContainerItemProxy */ = {
			isa = PBXContainerItemProxy;
			containerPortal = E5EED5882C32DCD000CBB5A5 /* Project object */;
			proxyType = 1;
			remoteGlobalIDString = E5EED58F2C32DCD000CBB5A5;
			remoteInfo = TMDB;
		};
		E5EED5AB2C32DCD200CBB5A5 /* PBXContainerItemProxy */ = {
			isa = PBXContainerItemProxy;
			containerPortal = E5EED5882C32DCD000CBB5A5 /* Project object */;
			proxyType = 1;
			remoteGlobalIDString = E5EED58F2C32DCD000CBB5A5;
			remoteInfo = TMDB;
		};
/* End PBXContainerItemProxy section */

/* Begin PBXCopyFilesBuildPhase section */
		E5EED6F62C32F37400CBB5A5 /* Embed Frameworks */ = {
			isa = PBXCopyFilesBuildPhase;
			buildActionMask = 2147483647;
			dstPath = "";
			dstSubfolderSpec = 10;
			files = (
				E5F753662C38C34A00308E5D /* Domain.framework in Embed Frameworks */,
				E5F753632C38C33E00308E5D /* Data.framework in Embed Frameworks */,
				E5F7535D2C38C33700308E5D /* Caching.framework in Embed Frameworks */,
				E5EED7562C330AB300CBB5A5 /* Presentation.framework in Embed Frameworks */,
				E5F753602C38C33B00308E5D /* Networking.framework in Embed Frameworks */,
			);
			name = "Embed Frameworks";
			runOnlyForDeploymentPostprocessing = 0;
		};
/* End PBXCopyFilesBuildPhase section */

/* Begin PBXFileReference section */
		E5EED5902C32DCD000CBB5A5 /* TMDB.app */ = {isa = PBXFileReference; explicitFileType = wrapper.application; includeInIndex = 0; path = TMDB.app; sourceTree = BUILT_PRODUCTS_DIR; };
		E5EED5932C32DCD000CBB5A5 /* TMDBApp.swift */ = {isa = PBXFileReference; lastKnownFileType = sourcecode.swift; path = TMDBApp.swift; sourceTree = "<group>"; };
		E5EED5972C32DCD100CBB5A5 /* Assets.xcassets */ = {isa = PBXFileReference; lastKnownFileType = folder.assetcatalog; path = Assets.xcassets; sourceTree = "<group>"; };
		E5EED59A2C32DCD100CBB5A5 /* Preview Assets.xcassets */ = {isa = PBXFileReference; lastKnownFileType = folder.assetcatalog; path = "Preview Assets.xcassets"; sourceTree = "<group>"; };
		E5EED5A02C32DCD200CBB5A5 /* TMDBTests.xctest */ = {isa = PBXFileReference; explicitFileType = wrapper.cfbundle; includeInIndex = 0; path = TMDBTests.xctest; sourceTree = BUILT_PRODUCTS_DIR; };
		E5EED5AA2C32DCD200CBB5A5 /* TMDBUITests.xctest */ = {isa = PBXFileReference; explicitFileType = wrapper.cfbundle; includeInIndex = 0; path = TMDBUITests.xctest; sourceTree = BUILT_PRODUCTS_DIR; };
		E5EED5AE2C32DCD200CBB5A5 /* TMDBUITests.swift */ = {isa = PBXFileReference; lastKnownFileType = sourcecode.swift; path = TMDBUITests.swift; sourceTree = "<group>"; };
		E5EED5B02C32DCD200CBB5A5 /* TMDBUITestsLaunchTests.swift */ = {isa = PBXFileReference; lastKnownFileType = sourcecode.swift; path = TMDBUITestsLaunchTests.swift; sourceTree = "<group>"; };
		E5EED6F32C32F37400CBB5A5 /* Networking.framework */ = {isa = PBXFileReference; explicitFileType = wrapper.framework; path = Networking.framework; sourceTree = BUILT_PRODUCTS_DIR; };
		E5EED7542C330AB300CBB5A5 /* Presentation.framework */ = {isa = PBXFileReference; explicitFileType = wrapper.framework; path = Presentation.framework; sourceTree = BUILT_PRODUCTS_DIR; };
		E5EED75F2C3311FA00CBB5A5 /* Info.plist */ = {isa = PBXFileReference; lastKnownFileType = text.plist; path = Info.plist; sourceTree = "<group>"; };
		E5F753572C383F3100308E5D /* CoreDataModel.xcdatamodel */ = {isa = PBXFileReference; lastKnownFileType = wrapper.xcdatamodel; path = CoreDataModel.xcdatamodel; sourceTree = "<group>"; };
		E5F753592C38C2F100308E5D /* DIContainer.swift */ = {isa = PBXFileReference; lastKnownFileType = sourcecode.swift; path = DIContainer.swift; sourceTree = "<group>"; };
		E5F7535B2C38C33700308E5D /* Caching.framework */ = {isa = PBXFileReference; explicitFileType = wrapper.framework; path = Caching.framework; sourceTree = BUILT_PRODUCTS_DIR; };
		E5F7535E2C38C33B00308E5D /* Networking.framework */ = {isa = PBXFileReference; explicitFileType = wrapper.framework; path = Networking.framework; sourceTree = BUILT_PRODUCTS_DIR; };
		E5F753612C38C33E00308E5D /* Data.framework */ = {isa = PBXFileReference; explicitFileType = wrapper.framework; path = Data.framework; sourceTree = BUILT_PRODUCTS_DIR; };
		E5F753642C38C34A00308E5D /* Domain.framework */ = {isa = PBXFileReference; explicitFileType = wrapper.framework; path = Domain.framework; sourceTree = BUILT_PRODUCTS_DIR; };
		E5F753672C38C53600308E5D /* MainContentView.swift */ = {isa = PBXFileReference; lastKnownFileType = sourcecode.swift; path = MainContentView.swift; sourceTree = "<group>"; };
/* End PBXFileReference section */

/* Begin PBXFrameworksBuildPhase section */
		E5EED58D2C32DCD000CBB5A5 /* Frameworks */ = {
			isa = PBXFrameworksBuildPhase;
			buildActionMask = 2147483647;
			files = (
				E5F753652C38C34A00308E5D /* Domain.framework in Frameworks */,
				E5F753622C38C33E00308E5D /* Data.framework in Frameworks */,
				E5F7535C2C38C33700308E5D /* Caching.framework in Frameworks */,
				E5EED7552C330AB300CBB5A5 /* Presentation.framework in Frameworks */,
				E5F7535F2C38C33B00308E5D /* Networking.framework in Frameworks */,
			);
			runOnlyForDeploymentPostprocessing = 0;
		};
		E5EED59D2C32DCD200CBB5A5 /* Frameworks */ = {
			isa = PBXFrameworksBuildPhase;
			buildActionMask = 2147483647;
			files = (
			);
			runOnlyForDeploymentPostprocessing = 0;
		};
		E5EED5A72C32DCD200CBB5A5 /* Frameworks */ = {
			isa = PBXFrameworksBuildPhase;
			buildActionMask = 2147483647;
			files = (
			);
			runOnlyForDeploymentPostprocessing = 0;
		};
/* End PBXFrameworksBuildPhase section */

/* Begin PBXGroup section */
		E5EED5872C32DCD000CBB5A5 = {
			isa = PBXGroup;
			children = (
				E5F753562C383F3100308E5D /* CoreDataModel.xcdatamodeld */,
				E5EED5922C32DCD000CBB5A5 /* TMDB */,
				E5EED5AD2C32DCD200CBB5A5 /* TMDBUITests */,
				E5EED5912C32DCD000CBB5A5 /* Products */,
				E5EED6F22C32F37400CBB5A5 /* Frameworks */,
			);
			sourceTree = "<group>";
		};
		E5EED5912C32DCD000CBB5A5 /* Products */ = {
			isa = PBXGroup;
			children = (
				E5EED5902C32DCD000CBB5A5 /* TMDB.app */,
				E5EED5A02C32DCD200CBB5A5 /* TMDBTests.xctest */,
				E5EED5AA2C32DCD200CBB5A5 /* TMDBUITests.xctest */,
			);
			name = Products;
			sourceTree = "<group>";
		};
		E5EED5922C32DCD000CBB5A5 /* TMDB */ = {
			isa = PBXGroup;
			children = (
				E5EED75F2C3311FA00CBB5A5 /* Info.plist */,
				E5EED5932C32DCD000CBB5A5 /* TMDBApp.swift */,
				E5F753592C38C2F100308E5D /* DIContainer.swift */,
				E5F753672C38C53600308E5D /* MainContentView.swift */,
				E5EED5972C32DCD100CBB5A5 /* Assets.xcassets */,
				E5EED5992C32DCD100CBB5A5 /* Preview Content */,
			);
			path = TMDB;
			sourceTree = "<group>";
		};
		E5EED5992C32DCD100CBB5A5 /* Preview Content */ = {
			isa = PBXGroup;
			children = (
				E5EED59A2C32DCD100CBB5A5 /* Preview Assets.xcassets */,
			);
			path = "Preview Content";
			sourceTree = "<group>";
		};
		E5EED5AD2C32DCD200CBB5A5 /* TMDBUITests */ = {
			isa = PBXGroup;
			children = (
				E5EED5AE2C32DCD200CBB5A5 /* TMDBUITests.swift */,
				E5EED5B02C32DCD200CBB5A5 /* TMDBUITestsLaunchTests.swift */,
			);
			path = TMDBUITests;
			sourceTree = "<group>";
		};
		E5EED6F22C32F37400CBB5A5 /* Frameworks */ = {
			isa = PBXGroup;
			children = (
				E5F753642C38C34A00308E5D /* Domain.framework */,
				E5F753612C38C33E00308E5D /* Data.framework */,
				E5F7535E2C38C33B00308E5D /* Networking.framework */,
				E5F7535B2C38C33700308E5D /* Caching.framework */,
				E5EED7542C330AB300CBB5A5 /* Presentation.framework */,
				E5EED6F32C32F37400CBB5A5 /* Networking.framework */,
			);
			name = Frameworks;
			sourceTree = "<group>";
		};
/* End PBXGroup section */

/* Begin PBXNativeTarget section */
		E5EED58F2C32DCD000CBB5A5 /* TMDB */ = {
			isa = PBXNativeTarget;
			buildConfigurationList = E5EED5B42C32DCD200CBB5A5 /* Build configuration list for PBXNativeTarget "TMDB" */;
			buildPhases = (
				E5EED58C2C32DCD000CBB5A5 /* Sources */,
				E5EED58D2C32DCD000CBB5A5 /* Frameworks */,
				E5EED58E2C32DCD000CBB5A5 /* Resources */,
				E5EED6F62C32F37400CBB5A5 /* Embed Frameworks */,
			);
			buildRules = (
			);
			dependencies = (
			);
			name = TMDB;
			productName = TMDB;
			productReference = E5EED5902C32DCD000CBB5A5 /* TMDB.app */;
			productType = "com.apple.product-type.application";
		};
		E5EED59F2C32DCD200CBB5A5 /* TMDBTests */ = {
			isa = PBXNativeTarget;
			buildConfigurationList = E5EED5B72C32DCD200CBB5A5 /* Build configuration list for PBXNativeTarget "TMDBTests" */;
			buildPhases = (
				E5EED59C2C32DCD200CBB5A5 /* Sources */,
				E5EED59D2C32DCD200CBB5A5 /* Frameworks */,
				E5EED59E2C32DCD200CBB5A5 /* Resources */,
			);
			buildRules = (
			);
			dependencies = (
				E5EED5A22C32DCD200CBB5A5 /* PBXTargetDependency */,
			);
			name = TMDBTests;
			productName = TMDBTests;
			productReference = E5EED5A02C32DCD200CBB5A5 /* TMDBTests.xctest */;
			productType = "com.apple.product-type.bundle.unit-test";
		};
		E5EED5A92C32DCD200CBB5A5 /* TMDBUITests */ = {
			isa = PBXNativeTarget;
			buildConfigurationList = E5EED5BA2C32DCD200CBB5A5 /* Build configuration list for PBXNativeTarget "TMDBUITests" */;
			buildPhases = (
				E5EED5A62C32DCD200CBB5A5 /* Sources */,
				E5EED5A72C32DCD200CBB5A5 /* Frameworks */,
				E5EED5A82C32DCD200CBB5A5 /* Resources */,
			);
			buildRules = (
			);
			dependencies = (
				E5EED5AC2C32DCD200CBB5A5 /* PBXTargetDependency */,
			);
			name = TMDBUITests;
			productName = TMDBUITests;
			productReference = E5EED5AA2C32DCD200CBB5A5 /* TMDBUITests.xctest */;
			productType = "com.apple.product-type.bundle.ui-testing";
		};
/* End PBXNativeTarget section */

/* Begin PBXProject section */
		E5EED5882C32DCD000CBB5A5 /* Project object */ = {
			isa = PBXProject;
			attributes = {
				BuildIndependentTargetsInParallel = 1;
				LastSwiftUpdateCheck = 1530;
				LastUpgradeCheck = 1530;
				TargetAttributes = {
					E5EED58F2C32DCD000CBB5A5 = {
						CreatedOnToolsVersion = 15.3;
					};
					E5EED59F2C32DCD200CBB5A5 = {
						CreatedOnToolsVersion = 15.3;
						TestTargetID = E5EED58F2C32DCD000CBB5A5;
					};
					E5EED5A92C32DCD200CBB5A5 = {
						CreatedOnToolsVersion = 15.3;
						TestTargetID = E5EED58F2C32DCD000CBB5A5;
					};
				};
			};
			buildConfigurationList = E5EED58B2C32DCD000CBB5A5 /* Build configuration list for PBXProject "TMDB" */;
			compatibilityVersion = "Xcode 14.0";
			developmentRegion = en;
			hasScannedForEncodings = 0;
			knownRegions = (
				en,
				Base,
			);
			mainGroup = E5EED5872C32DCD000CBB5A5;
			productRefGroup = E5EED5912C32DCD000CBB5A5 /* Products */;
			projectDirPath = "";
			projectRoot = "";
			targets = (
				E5EED58F2C32DCD000CBB5A5 /* TMDB */,
				E5EED59F2C32DCD200CBB5A5 /* TMDBTests */,
				E5EED5A92C32DCD200CBB5A5 /* TMDBUITests */,
			);
		};
/* End PBXProject section */

/* Begin PBXResourcesBuildPhase section */
		E5EED58E2C32DCD000CBB5A5 /* Resources */ = {
			isa = PBXResourcesBuildPhase;
			buildActionMask = 2147483647;
			files = (
				E5EED59B2C32DCD100CBB5A5 /* Preview Assets.xcassets in Resources */,
				E5EED5982C32DCD100CBB5A5 /* Assets.xcassets in Resources */,
			);
			runOnlyForDeploymentPostprocessing = 0;
		};
		E5EED59E2C32DCD200CBB5A5 /* Resources */ = {
			isa = PBXResourcesBuildPhase;
			buildActionMask = 2147483647;
			files = (
			);
			runOnlyForDeploymentPostprocessing = 0;
		};
		E5EED5A82C32DCD200CBB5A5 /* Resources */ = {
			isa = PBXResourcesBuildPhase;
			buildActionMask = 2147483647;
			files = (
			);
			runOnlyForDeploymentPostprocessing = 0;
		};
/* End PBXResourcesBuildPhase section */

/* Begin PBXSourcesBuildPhase section */
		E5EED58C2C32DCD000CBB5A5 /* Sources */ = {
			isa = PBXSourcesBuildPhase;
			buildActionMask = 2147483647;
			files = (
				E5F753582C383F3100308E5D /* CoreDataModel.xcdatamodeld in Sources */,
				E5EED5942C32DCD000CBB5A5 /* TMDBApp.swift in Sources */,
				E5F7535A2C38C2F100308E5D /* DIContainer.swift in Sources */,
				E5F753682C38C53600308E5D /* MainContentView.swift in Sources */,
			);
			runOnlyForDeploymentPostprocessing = 0;
		};
		E5EED59C2C32DCD200CBB5A5 /* Sources */ = {
			isa = PBXSourcesBuildPhase;
			buildActionMask = 2147483647;
			files = (
			);
			runOnlyForDeploymentPostprocessing = 0;
		};
		E5EED5A62C32DCD200CBB5A5 /* Sources */ = {
			isa = PBXSourcesBuildPhase;
			buildActionMask = 2147483647;
			files = (
				E5EED5AF2C32DCD200CBB5A5 /* TMDBUITests.swift in Sources */,
				E5EED5B12C32DCD200CBB5A5 /* TMDBUITestsLaunchTests.swift in Sources */,
			);
			runOnlyForDeploymentPostprocessing = 0;
		};
/* End PBXSourcesBuildPhase section */

/* Begin PBXTargetDependency section */
		E5EED5A22C32DCD200CBB5A5 /* PBXTargetDependency */ = {
			isa = PBXTargetDependency;
			target = E5EED58F2C32DCD000CBB5A5 /* TMDB */;
			targetProxy = E5EED5A12C32DCD200CBB5A5 /* PBXContainerItemProxy */;
		};
		E5EED5AC2C32DCD200CBB5A5 /* PBXTargetDependency */ = {
			isa = PBXTargetDependency;
			target = E5EED58F2C32DCD000CBB5A5 /* TMDB */;
			targetProxy = E5EED5AB2C32DCD200CBB5A5 /* PBXContainerItemProxy */;
		};
/* End PBXTargetDependency section */

/* Begin XCBuildConfiguration section */
		E5EED5B22C32DCD200CBB5A5 /* Debug */ = {
			isa = XCBuildConfiguration;
			buildSettings = {
				ALWAYS_SEARCH_USER_PATHS = NO;
				ASSETCATALOG_COMPILER_GENERATE_SWIFT_ASSET_SYMBOL_EXTENSIONS = YES;
				CLANG_ANALYZER_NONNULL = YES;
				CLANG_ANALYZER_NUMBER_OBJECT_CONVERSION = YES_AGGRESSIVE;
				CLANG_CXX_LANGUAGE_STANDARD = "gnu++20";
				CLANG_ENABLE_MODULES = YES;
				CLANG_ENABLE_OBJC_ARC = YES;
				CLANG_ENABLE_OBJC_WEAK = YES;
				CLANG_WARN_BLOCK_CAPTURE_AUTORELEASING = YES;
				CLANG_WARN_BOOL_CONVERSION = YES;
				CLANG_WARN_COMMA = YES;
				CLANG_WARN_CONSTANT_CONVERSION = YES;
				CLANG_WARN_DEPRECATED_OBJC_IMPLEMENTATIONS = YES;
				CLANG_WARN_DIRECT_OBJC_ISA_USAGE = YES_ERROR;
				CLANG_WARN_DOCUMENTATION_COMMENTS = YES;
				CLANG_WARN_EMPTY_BODY = YES;
				CLANG_WARN_ENUM_CONVERSION = YES;
				CLANG_WARN_INFINITE_RECURSION = YES;
				CLANG_WARN_INT_CONVERSION = YES;
				CLANG_WARN_NON_LITERAL_NULL_CONVERSION = YES;
				CLANG_WARN_OBJC_IMPLICIT_RETAIN_SELF = YES;
				CLANG_WARN_OBJC_LITERAL_CONVERSION = YES;
				CLANG_WARN_OBJC_ROOT_CLASS = YES_ERROR;
				CLANG_WARN_QUOTED_INCLUDE_IN_FRAMEWORK_HEADER = YES;
				CLANG_WARN_RANGE_LOOP_ANALYSIS = YES;
				CLANG_WARN_STRICT_PROTOTYPES = YES;
				CLANG_WARN_SUSPICIOUS_MOVE = YES;
				CLANG_WARN_UNGUARDED_AVAILABILITY = YES_AGGRESSIVE;
				CLANG_WARN_UNREACHABLE_CODE = YES;
				CLANG_WARN__DUPLICATE_METHOD_MATCH = YES;
				COPY_PHASE_STRIP = NO;
				DEBUG_INFORMATION_FORMAT = dwarf;
				ENABLE_STRICT_OBJC_MSGSEND = YES;
				ENABLE_TESTABILITY = YES;
				ENABLE_USER_SCRIPT_SANDBOXING = YES;
				GCC_C_LANGUAGE_STANDARD = gnu17;
				GCC_DYNAMIC_NO_PIC = NO;
				GCC_NO_COMMON_BLOCKS = YES;
				GCC_OPTIMIZATION_LEVEL = 0;
				GCC_PREPROCESSOR_DEFINITIONS = (
					"DEBUG=1",
					"$(inherited)",
				);
				GCC_WARN_64_TO_32_BIT_CONVERSION = YES;
				GCC_WARN_ABOUT_RETURN_TYPE = YES_ERROR;
				GCC_WARN_UNDECLARED_SELECTOR = YES;
				GCC_WARN_UNINITIALIZED_AUTOS = YES_AGGRESSIVE;
				GCC_WARN_UNUSED_FUNCTION = YES;
				GCC_WARN_UNUSED_VARIABLE = YES;
				IPHONEOS_DEPLOYMENT_TARGET = 17.4;
				LOCALIZATION_PREFERS_STRING_CATALOGS = YES;
				MTL_ENABLE_DEBUG_INFO = INCLUDE_SOURCE;
				MTL_FAST_MATH = YES;
				ONLY_ACTIVE_ARCH = YES;
				SDKROOT = iphoneos;
				SWIFT_ACTIVE_COMPILATION_CONDITIONS = "DEBUG $(inherited)";
				SWIFT_OPTIMIZATION_LEVEL = "-Onone";
			};
			name = Debug;
		};
		E5EED5B32C32DCD200CBB5A5 /* Release */ = {
			isa = XCBuildConfiguration;
			buildSettings = {
				ALWAYS_SEARCH_USER_PATHS = NO;
				ASSETCATALOG_COMPILER_GENERATE_SWIFT_ASSET_SYMBOL_EXTENSIONS = YES;
				CLANG_ANALYZER_NONNULL = YES;
				CLANG_ANALYZER_NUMBER_OBJECT_CONVERSION = YES_AGGRESSIVE;
				CLANG_CXX_LANGUAGE_STANDARD = "gnu++20";
				CLANG_ENABLE_MODULES = YES;
				CLANG_ENABLE_OBJC_ARC = YES;
				CLANG_ENABLE_OBJC_WEAK = YES;
				CLANG_WARN_BLOCK_CAPTURE_AUTORELEASING = YES;
				CLANG_WARN_BOOL_CONVERSION = YES;
				CLANG_WARN_COMMA = YES;
				CLANG_WARN_CONSTANT_CONVERSION = YES;
				CLANG_WARN_DEPRECATED_OBJC_IMPLEMENTATIONS = YES;
				CLANG_WARN_DIRECT_OBJC_ISA_USAGE = YES_ERROR;
				CLANG_WARN_DOCUMENTATION_COMMENTS = YES;
				CLANG_WARN_EMPTY_BODY = YES;
				CLANG_WARN_ENUM_CONVERSION = YES;
				CLANG_WARN_INFINITE_RECURSION = YES;
				CLANG_WARN_INT_CONVERSION = YES;
				CLANG_WARN_NON_LITERAL_NULL_CONVERSION = YES;
				CLANG_WARN_OBJC_IMPLICIT_RETAIN_SELF = YES;
				CLANG_WARN_OBJC_LITERAL_CONVERSION = YES;
				CLANG_WARN_OBJC_ROOT_CLASS = YES_ERROR;
				CLANG_WARN_QUOTED_INCLUDE_IN_FRAMEWORK_HEADER = YES;
				CLANG_WARN_RANGE_LOOP_ANALYSIS = YES;
				CLANG_WARN_STRICT_PROTOTYPES = YES;
				CLANG_WARN_SUSPICIOUS_MOVE = YES;
				CLANG_WARN_UNGUARDED_AVAILABILITY = YES_AGGRESSIVE;
				CLANG_WARN_UNREACHABLE_CODE = YES;
				CLANG_WARN__DUPLICATE_METHOD_MATCH = YES;
				COPY_PHASE_STRIP = NO;
				DEBUG_INFORMATION_FORMAT = "dwarf-with-dsym";
				ENABLE_NS_ASSERTIONS = NO;
				ENABLE_STRICT_OBJC_MSGSEND = YES;
				ENABLE_USER_SCRIPT_SANDBOXING = YES;
				GCC_C_LANGUAGE_STANDARD = gnu17;
				GCC_NO_COMMON_BLOCKS = YES;
				GCC_WARN_64_TO_32_BIT_CONVERSION = YES;
				GCC_WARN_ABOUT_RETURN_TYPE = YES_ERROR;
				GCC_WARN_UNDECLARED_SELECTOR = YES;
				GCC_WARN_UNINITIALIZED_AUTOS = YES_AGGRESSIVE;
				GCC_WARN_UNUSED_FUNCTION = YES;
				GCC_WARN_UNUSED_VARIABLE = YES;
				IPHONEOS_DEPLOYMENT_TARGET = 17.4;
				LOCALIZATION_PREFERS_STRING_CATALOGS = YES;
				MTL_ENABLE_DEBUG_INFO = NO;
				MTL_FAST_MATH = YES;
				SDKROOT = iphoneos;
				SWIFT_COMPILATION_MODE = wholemodule;
				VALIDATE_PRODUCT = YES;
			};
			name = Release;
		};
		E5EED5B52C32DCD200CBB5A5 /* Debug */ = {
			isa = XCBuildConfiguration;
			buildSettings = {
				API_BASE_URL = "https://api.themoviedb.org/3/";
				API_KEY = 840d9830ce5ea69425c3f231dbc1f7b3;
				ASSETCATALOG_COMPILER_APPICON_NAME = AppIcon;
				ASSETCATALOG_COMPILER_GLOBAL_ACCENT_COLOR_NAME = AccentColor;
				CODE_SIGN_STYLE = Automatic;
				CURRENT_PROJECT_VERSION = 1;
				DEVELOPMENT_ASSET_PATHS = "\"TMDB/Preview Content\"";
				DEVELOPMENT_TEAM = MN83RGRAF4;
				ENABLE_PREVIEWS = YES;
				GENERATE_INFOPLIST_FILE = YES;
				INFOPLIST_FILE = TMDB/Info.plist;
				INFOPLIST_KEY_UIApplicationSceneManifest_Generation = YES;
				INFOPLIST_KEY_UIApplicationSupportsIndirectInputEvents = YES;
				INFOPLIST_KEY_UILaunchScreen_Generation = YES;
				INFOPLIST_KEY_UISupportedInterfaceOrientations_iPad = "UIInterfaceOrientationPortrait UIInterfaceOrientationPortraitUpsideDown UIInterfaceOrientationLandscapeLeft UIInterfaceOrientationLandscapeRight";
				INFOPLIST_KEY_UISupportedInterfaceOrientations_iPhone = "UIInterfaceOrientationPortrait UIInterfaceOrientationLandscapeLeft UIInterfaceOrientationLandscapeRight";
				LD_RUNPATH_SEARCH_PATHS = (
					"$(inherited)",
					"@executable_path/Frameworks",
				);
				MARKETING_VERSION = 1.0;
				PRODUCT_BUNDLE_IDENTIFIER = co.mahmoud.TMDB;
				PRODUCT_NAME = "$(TARGET_NAME)";
				SUPPORTED_PLATFORMS = "iphoneos iphonesimulator";
				SUPPORTS_MACCATALYST = NO;
				SUPPORTS_MAC_DESIGNED_FOR_IPHONE_IPAD = NO;
				SUPPORTS_XR_DESIGNED_FOR_IPHONE_IPAD = NO;
				SWIFT_EMIT_LOC_STRINGS = YES;
				SWIFT_VERSION = 5.0;
				TARGETED_DEVICE_FAMILY = 1;
			};
			name = Debug;
		};
		E5EED5B62C32DCD200CBB5A5 /* Release */ = {
			isa = XCBuildConfiguration;
			buildSettings = {
				API_BASE_URL = "https://api.themoviedb.org/3/";
				API_KEY = 840d9830ce5ea69425c3f231dbc1f7b3;
				ASSETCATALOG_COMPILER_APPICON_NAME = AppIcon;
				ASSETCATALOG_COMPILER_GLOBAL_ACCENT_COLOR_NAME = AccentColor;
				CODE_SIGN_STYLE = Automatic;
				CURRENT_PROJECT_VERSION = 1;
				DEVELOPMENT_ASSET_PATHS = "\"TMDB/Preview Content\"";
				DEVELOPMENT_TEAM = MN83RGRAF4;
				ENABLE_PREVIEWS = YES;
				GENERATE_INFOPLIST_FILE = YES;
				INFOPLIST_FILE = TMDB/Info.plist;
				INFOPLIST_KEY_UIApplicationSceneManifest_Generation = YES;
				INFOPLIST_KEY_UIApplicationSupportsIndirectInputEvents = YES;
				INFOPLIST_KEY_UILaunchScreen_Generation = YES;
				INFOPLIST_KEY_UISupportedInterfaceOrientations_iPad = "UIInterfaceOrientationPortrait UIInterfaceOrientationPortraitUpsideDown UIInterfaceOrientationLandscapeLeft UIInterfaceOrientationLandscapeRight";
				INFOPLIST_KEY_UISupportedInterfaceOrientations_iPhone = "UIInterfaceOrientationPortrait UIInterfaceOrientationLandscapeLeft UIInterfaceOrientationLandscapeRight";
				LD_RUNPATH_SEARCH_PATHS = (
					"$(inherited)",
					"@executable_path/Frameworks",
				);
				MARKETING_VERSION = 1.0;
				PRODUCT_BUNDLE_IDENTIFIER = co.mahmoud.TMDB;
				PRODUCT_NAME = "$(TARGET_NAME)";
				SUPPORTED_PLATFORMS = "iphoneos iphonesimulator";
				SUPPORTS_MACCATALYST = NO;
				SUPPORTS_MAC_DESIGNED_FOR_IPHONE_IPAD = NO;
				SUPPORTS_XR_DESIGNED_FOR_IPHONE_IPAD = NO;
				SWIFT_EMIT_LOC_STRINGS = YES;
				SWIFT_VERSION = 5.0;
				TARGETED_DEVICE_FAMILY = 1;
			};
			name = Release;
		};
		E5EED5B82C32DCD200CBB5A5 /* Debug */ = {
			isa = XCBuildConfiguration;
			buildSettings = {
				ALWAYS_EMBED_SWIFT_STANDARD_LIBRARIES = YES;
				BUNDLE_LOADER = "$(TEST_HOST)";
				CODE_SIGN_STYLE = Automatic;
				CURRENT_PROJECT_VERSION = 1;
				DEVELOPMENT_TEAM = MN83RGRAF4;
				GENERATE_INFOPLIST_FILE = YES;
				IPHONEOS_DEPLOYMENT_TARGET = 17.4;
				MARKETING_VERSION = 1.0;
				PRODUCT_BUNDLE_IDENTIFIER = co.mahmoud.TMDBTests;
				PRODUCT_NAME = "$(TARGET_NAME)";
				SWIFT_EMIT_LOC_STRINGS = NO;
				SWIFT_VERSION = 5.0;
				TARGETED_DEVICE_FAMILY = "1,2";
				TEST_HOST = "$(BUILT_PRODUCTS_DIR)/TMDB.app/$(BUNDLE_EXECUTABLE_FOLDER_PATH)/TMDB";
			};
			name = Debug;
		};
		E5EED5B92C32DCD200CBB5A5 /* Release */ = {
			isa = XCBuildConfiguration;
			buildSettings = {
				ALWAYS_EMBED_SWIFT_STANDARD_LIBRARIES = YES;
				BUNDLE_LOADER = "$(TEST_HOST)";
				CODE_SIGN_STYLE = Automatic;
				CURRENT_PROJECT_VERSION = 1;
				DEVELOPMENT_TEAM = MN83RGRAF4;
				GENERATE_INFOPLIST_FILE = YES;
				IPHONEOS_DEPLOYMENT_TARGET = 17.4;
				MARKETING_VERSION = 1.0;
				PRODUCT_BUNDLE_IDENTIFIER = co.mahmoud.TMDBTests;
				PRODUCT_NAME = "$(TARGET_NAME)";
				SWIFT_EMIT_LOC_STRINGS = NO;
				SWIFT_VERSION = 5.0;
				TARGETED_DEVICE_FAMILY = "1,2";
				TEST_HOST = "$(BUILT_PRODUCTS_DIR)/TMDB.app/$(BUNDLE_EXECUTABLE_FOLDER_PATH)/TMDB";
			};
			name = Release;
		};
		E5EED5BB2C32DCD200CBB5A5 /* Debug */ = {
			isa = XCBuildConfiguration;
			buildSettings = {
				ALWAYS_EMBED_SWIFT_STANDARD_LIBRARIES = YES;
				CODE_SIGN_STYLE = Automatic;
				CURRENT_PROJECT_VERSION = 1;
				DEVELOPMENT_TEAM = MN83RGRAF4;
				GENERATE_INFOPLIST_FILE = YES;
				MARKETING_VERSION = 1.0;
				PRODUCT_BUNDLE_IDENTIFIER = co.mahmoud.TMDBUITests;
				PRODUCT_NAME = "$(TARGET_NAME)";
				SWIFT_EMIT_LOC_STRINGS = NO;
				SWIFT_VERSION = 5.0;
				TARGETED_DEVICE_FAMILY = "1,2";
				TEST_TARGET_NAME = TMDB;
			};
			name = Debug;
		};
		E5EED5BC2C32DCD200CBB5A5 /* Release */ = {
			isa = XCBuildConfiguration;
			buildSettings = {
				ALWAYS_EMBED_SWIFT_STANDARD_LIBRARIES = YES;
				CODE_SIGN_STYLE = Automatic;
				CURRENT_PROJECT_VERSION = 1;
				DEVELOPMENT_TEAM = MN83RGRAF4;
				GENERATE_INFOPLIST_FILE = YES;
				MARKETING_VERSION = 1.0;
				PRODUCT_BUNDLE_IDENTIFIER = co.mahmoud.TMDBUITests;
				PRODUCT_NAME = "$(TARGET_NAME)";
				SWIFT_EMIT_LOC_STRINGS = NO;
				SWIFT_VERSION = 5.0;
				TARGETED_DEVICE_FAMILY = "1,2";
				TEST_TARGET_NAME = TMDB;
			};
			name = Release;
		};
/* End XCBuildConfiguration section */

/* Begin XCConfigurationList section */
		E5EED58B2C32DCD000CBB5A5 /* Build configuration list for PBXProject "TMDB" */ = {
			isa = XCConfigurationList;
			buildConfigurations = (
				E5EED5B22C32DCD200CBB5A5 /* Debug */,
				E5EED5B32C32DCD200CBB5A5 /* Release */,
			);
			defaultConfigurationIsVisible = 0;
			defaultConfigurationName = Release;
		};
		E5EED5B42C32DCD200CBB5A5 /* Build configuration list for PBXNativeTarget "TMDB" */ = {
			isa = XCConfigurationList;
			buildConfigurations = (
				E5EED5B52C32DCD200CBB5A5 /* Debug */,
				E5EED5B62C32DCD200CBB5A5 /* Release */,
			);
			defaultConfigurationIsVisible = 0;
			defaultConfigurationName = Release;
		};
		E5EED5B72C32DCD200CBB5A5 /* Build configuration list for PBXNativeTarget "TMDBTests" */ = {
			isa = XCConfigurationList;
			buildConfigurations = (
				E5EED5B82C32DCD200CBB5A5 /* Debug */,
				E5EED5B92C32DCD200CBB5A5 /* Release */,
			);
			defaultConfigurationIsVisible = 0;
			defaultConfigurationName = Release;
		};
		E5EED5BA2C32DCD200CBB5A5 /* Build configuration list for PBXNativeTarget "TMDBUITests" */ = {
			isa = XCConfigurationList;
			buildConfigurations = (
				E5EED5BB2C32DCD200CBB5A5 /* Debug */,
				E5EED5BC2C32DCD200CBB5A5 /* Release */,
			);
			defaultConfigurationIsVisible = 0;
			defaultConfigurationName = Release;
		};
/* End XCConfigurationList section */

/* Begin XCVersionGroup section */
		E5F753562C383F3100308E5D /* CoreDataModel.xcdatamodeld */ = {
			isa = XCVersionGroup;
			children = (
				E5F753572C383F3100308E5D /* CoreDataModel.xcdatamodel */,
			);
			currentVersion = E5F753572C383F3100308E5D /* CoreDataModel.xcdatamodel */;
			name = CoreDataModel.xcdatamodeld;
			path = /Users/mahmoudabdelshafi/Desktop/SideProjects/TMDB/CoreDataModel.xcdatamodeld;
			sourceTree = "<group>";
			versionGroupType = wrapper.xcdatamodel;
		};
/* End XCVersionGroup section */
	};
	rootObject = E5EED5882C32DCD000CBB5A5 /* Project object */;
}
