// !$*UTF8*$!
{
	archiveVersion = 1;
	classes = {
	};
	objectVersion = 56;
	objects = {

/* Begin PBXBuildFile section */
		E589CC9A2C347BFD00BA4430 /* MockURLProtocol.swift in Sources */ = {isa = PBXBuildFile; fileRef = E589CC992C347BFD00BA4430 /* MockURLProtocol.swift */; };
		E589CC9C2C347C2400BA4430 /* TMDbNetworkServiceTests.swift in Sources */ = {isa = PBXBuildFile; fileRef = E589CC9B2C347C2400BA4430 /* TMDbNetworkServiceTests.swift */; };
		E589CC9E2C347DD300BA4430 /* MockNetworkEndPoints.swift in Sources */ = {isa = PBXBuildFile; fileRef = E589CC9D2C347DD300BA4430 /* MockNetworkEndPoints.swift */; };
		E589CCA02C34C4FB00BA4430 /* MockAPIBaseResponse.swift in Sources */ = {isa = PBXBuildFile; fileRef = E589CC9F2C34C4FB00BA4430 /* MockAPIBaseResponse.swift */; };
		E5EED5F32C32DFFB00CBB5A5 /* Networking.framework in Frameworks */ = {isa = PBXBuildFile; fileRef = E5EED5EA2C32DFFB00CBB5A5 /* Networking.framework */; };
		E5EED5F92C32DFFB00CBB5A5 /* Networking.h in Headers */ = {isa = PBXBuildFile; fileRef = E5EED5ED2C32DFFB00CBB5A5 /* Networking.h */; settings = {ATTRIBUTES = (Public, ); }; };
		E5EED6E92C32F11200CBB5A5 /* NetworkService.swift in Sources */ = {isa = PBXBuildFile; fileRef = E5EED6E82C32F11200CBB5A5 /* NetworkService.swift */; };
		E5EED6EB2C32F15400CBB5A5 /* Endpoint.swift in Sources */ = {isa = PBXBuildFile; fileRef = E5EED6EA2C32F15400CBB5A5 /* Endpoint.swift */; };
		E5EED6F12C32F1A800CBB5A5 /* NetworkError.swift in Sources */ = {isa = PBXBuildFile; fileRef = E5EED6F02C32F1A800CBB5A5 /* NetworkError.swift */; };
/* End PBXBuildFile section */

/* Begin PBXContainerItemProxy section */
		E5EED5F42C32DFFB00CBB5A5 /* PBXContainerItemProxy */ = {
			isa = PBXContainerItemProxy;
			containerPortal = E5EED5E12C32DFFB00CBB5A5 /* Project object */;
			proxyType = 1;
			remoteGlobalIDString = E5EED5E92C32DFFB00CBB5A5;
			remoteInfo = Networking;
		};
/* End PBXContainerItemProxy section */

/* Begin PBXFileReference section */
		E589CC992C347BFD00BA4430 /* MockURLProtocol.swift */ = {isa = PBXFileReference; lastKnownFileType = sourcecode.swift; path = MockURLProtocol.swift; sourceTree = "<group>"; };
		E589CC9B2C347C2400BA4430 /* TMDbNetworkServiceTests.swift */ = {isa = PBXFileReference; lastKnownFileType = sourcecode.swift; path = TMDbNetworkServiceTests.swift; sourceTree = "<group>"; };
		E589CC9D2C347DD300BA4430 /* MockNetworkEndPoints.swift */ = {isa = PBXFileReference; lastKnownFileType = sourcecode.swift; path = MockNetworkEndPoints.swift; sourceTree = "<group>"; };
		E589CC9F2C34C4FB00BA4430 /* MockAPIBaseResponse.swift */ = {isa = PBXFileReference; lastKnownFileType = sourcecode.swift; path = MockAPIBaseResponse.swift; sourceTree = "<group>"; };
		E5EED5EA2C32DFFB00CBB5A5 /* Networking.framework */ = {isa = PBXFileReference; explicitFileType = wrapper.framework; includeInIndex = 0; path = Networking.framework; sourceTree = BUILT_PRODUCTS_DIR; };
		E5EED5ED2C32DFFB00CBB5A5 /* Networking.h */ = {isa = PBXFileReference; lastKnownFileType = sourcecode.c.h; path = Networking.h; sourceTree = "<group>"; };
		E5EED5F22C32DFFB00CBB5A5 /* NetworkingTests.xctest */ = {isa = PBXFileReference; explicitFileType = wrapper.cfbundle; includeInIndex = 0; path = NetworkingTests.xctest; sourceTree = BUILT_PRODUCTS_DIR; };
		E5EED6E82C32F11200CBB5A5 /* NetworkService.swift */ = {isa = PBXFileReference; lastKnownFileType = sourcecode.swift; path = NetworkService.swift; sourceTree = "<group>"; };
		E5EED6EA2C32F15400CBB5A5 /* Endpoint.swift */ = {isa = PBXFileReference; lastKnownFileType = sourcecode.swift; path = Endpoint.swift; sourceTree = "<group>"; };
		E5EED6F02C32F1A800CBB5A5 /* NetworkError.swift */ = {isa = PBXFileReference; lastKnownFileType = sourcecode.swift; path = NetworkError.swift; sourceTree = "<group>"; };
/* End PBXFileReference section */

/* Begin PBXFrameworksBuildPhase section */
		E5EED5E72C32DFFB00CBB5A5 /* Frameworks */ = {
			isa = PBXFrameworksBuildPhase;
			buildActionMask = 2147483647;
			files = (
			);
			runOnlyForDeploymentPostprocessing = 0;
		};
		E5EED5EF2C32DFFB00CBB5A5 /* Frameworks */ = {
			isa = PBXFrameworksBuildPhase;
			buildActionMask = 2147483647;
			files = (
				E5EED5F32C32DFFB00CBB5A5 /* Networking.framework in Frameworks */,
			);
			runOnlyForDeploymentPostprocessing = 0;
		};
/* End PBXFrameworksBuildPhase section */

/* Begin PBXGroup section */
		E5EED5E02C32DFFB00CBB5A5 = {
			isa = PBXGroup;
			children = (
				E5EED5EC2C32DFFB00CBB5A5 /* Networking */,
				E5EED5F62C32DFFB00CBB5A5 /* NetworkingTests */,
				E5EED5EB2C32DFFB00CBB5A5 /* Products */,
			);
			sourceTree = "<group>";
		};
		E5EED5EB2C32DFFB00CBB5A5 /* Products */ = {
			isa = PBXGroup;
			children = (
				E5EED5EA2C32DFFB00CBB5A5 /* Networking.framework */,
				E5EED5F22C32DFFB00CBB5A5 /* NetworkingTests.xctest */,
			);
			name = Products;
			sourceTree = "<group>";
		};
		E5EED5EC2C32DFFB00CBB5A5 /* Networking */ = {
			isa = PBXGroup;
			children = (
				E5EED5ED2C32DFFB00CBB5A5 /* Networking.h */,
				E5EED6E82C32F11200CBB5A5 /* NetworkService.swift */,
				E5EED6EA2C32F15400CBB5A5 /* Endpoint.swift */,
				E5EED6F02C32F1A800CBB5A5 /* NetworkError.swift */,
			);
			path = Networking;
			sourceTree = "<group>";
		};
		E5EED5F62C32DFFB00CBB5A5 /* NetworkingTests */ = {
			isa = PBXGroup;
			children = (
				E589CC992C347BFD00BA4430 /* MockURLProtocol.swift */,
				E589CC9B2C347C2400BA4430 /* TMDbNetworkServiceTests.swift */,
				E589CC9D2C347DD300BA4430 /* MockNetworkEndPoints.swift */,
				E589CC9F2C34C4FB00BA4430 /* MockAPIBaseResponse.swift */,
			);
			path = NetworkingTests;
			sourceTree = "<group>";
		};
/* End PBXGroup section */

/* Begin PBXHeadersBuildPhase section */
		E5EED5E52C32DFFB00CBB5A5 /* Headers */ = {
			isa = PBXHeadersBuildPhase;
			buildActionMask = 2147483647;
			files = (
				E5EED5F92C32DFFB00CBB5A5 /* Networking.h in Headers */,
			);
			runOnlyForDeploymentPostprocessing = 0;
		};
/* End PBXHeadersBuildPhase section */

/* Begin PBXNativeTarget section */
		E5EED5E92C32DFFB00CBB5A5 /* Networking */ = {
			isa = PBXNativeTarget;
			buildConfigurationList = E5EED5FC2C32DFFB00CBB5A5 /* Build configuration list for PBXNativeTarget "Networking" */;
			buildPhases = (
				E5EED5E52C32DFFB00CBB5A5 /* Headers */,
				E5EED5E62C32DFFB00CBB5A5 /* Sources */,
				E5EED5E72C32DFFB00CBB5A5 /* Frameworks */,
				E5EED5E82C32DFFB00CBB5A5 /* Resources */,
			);
			buildRules = (
			);
			dependencies = (
			);
			name = Networking;
			productName = Networking;
			productReference = E5EED5EA2C32DFFB00CBB5A5 /* Networking.framework */;
			productType = "com.apple.product-type.framework";
		};
		E5EED5F12C32DFFB00CBB5A5 /* NetworkingTests */ = {
			isa = PBXNativeTarget;
			buildConfigurationList = E5EED5FF2C32DFFB00CBB5A5 /* Build configuration list for PBXNativeTarget "NetworkingTests" */;
			buildPhases = (
				E5EED5EE2C32DFFB00CBB5A5 /* Sources */,
				E5EED5EF2C32DFFB00CBB5A5 /* Frameworks */,
				E5EED5F02C32DFFB00CBB5A5 /* Resources */,
			);
			buildRules = (
			);
			dependencies = (
				E5EED5F52C32DFFB00CBB5A5 /* PBXTargetDependency */,
			);
			name = NetworkingTests;
			productName = NetworkingTests;
			productReference = E5EED5F22C32DFFB00CBB5A5 /* NetworkingTests.xctest */;
			productType = "com.apple.product-type.bundle.unit-test";
		};
/* End PBXNativeTarget section */

/* Begin PBXProject section */
		E5EED5E12C32DFFB00CBB5A5 /* Project object */ = {
			isa = PBXProject;
			attributes = {
				BuildIndependentTargetsInParallel = 1;
				LastSwiftUpdateCheck = 1530;
				LastUpgradeCheck = 1530;
				TargetAttributes = {
					E5EED5E92C32DFFB00CBB5A5 = {
						CreatedOnToolsVersion = 15.3;
						LastSwiftMigration = 1530;
					};
					E5EED5F12C32DFFB00CBB5A5 = {
						CreatedOnToolsVersion = 15.3;
					};
				};
			};
			buildConfigurationList = E5EED5E42C32DFFB00CBB5A5 /* Build configuration list for PBXProject "Networking" */;
			compatibilityVersion = "Xcode 14.0";
			developmentRegion = en;
			hasScannedForEncodings = 0;
			knownRegions = (
				en,
				Base,
			);
			mainGroup = E5EED5E02C32DFFB00CBB5A5;
			productRefGroup = E5EED5EB2C32DFFB00CBB5A5 /* Products */;
			projectDirPath = "";
			projectRoot = "";
			targets = (
				E5EED5E92C32DFFB00CBB5A5 /* Networking */,
				E5EED5F12C32DFFB00CBB5A5 /* NetworkingTests */,
			);
		};
/* End PBXProject section */

/* Begin PBXResourcesBuildPhase section */
		E5EED5E82C32DFFB00CBB5A5 /* Resources */ = {
			isa = PBXResourcesBuildPhase;
			buildActionMask = 2147483647;
			files = (
			);
			runOnlyForDeploymentPostprocessing = 0;
		};
		E5EED5F02C32DFFB00CBB5A5 /* Resources */ = {
			isa = PBXResourcesBuildPhase;
			buildActionMask = 2147483647;
			files = (
			);
			runOnlyForDeploymentPostprocessing = 0;
		};
/* End PBXResourcesBuildPhase section */

/* Begin PBXSourcesBuildPhase section */
		E5EED5E62C32DFFB00CBB5A5 /* Sources */ = {
			isa = PBXSourcesBuildPhase;
			buildActionMask = 2147483647;
			files = (
				E5EED6E92C32F11200CBB5A5 /* NetworkService.swift in Sources */,
				E5EED6EB2C32F15400CBB5A5 /* Endpoint.swift in Sources */,
				E5EED6F12C32F1A800CBB5A5 /* NetworkError.swift in Sources */,
			);
			runOnlyForDeploymentPostprocessing = 0;
		};
		E5EED5EE2C32DFFB00CBB5A5 /* Sources */ = {
			isa = PBXSourcesBuildPhase;
			buildActionMask = 2147483647;
			files = (
				E589CC9C2C347C2400BA4430 /* TMDbNetworkServiceTests.swift in Sources */,
				E589CC9E2C347DD300BA4430 /* MockNetworkEndPoints.swift in Sources */,
				E589CCA02C34C4FB00BA4430 /* MockAPIBaseResponse.swift in Sources */,
				E589CC9A2C347BFD00BA4430 /* MockURLProtocol.swift in Sources */,
			);
			runOnlyForDeploymentPostprocessing = 0;
		};
/* End PBXSourcesBuildPhase section */

/* Begin PBXTargetDependency section */
		E5EED5F52C32DFFB00CBB5A5 /* PBXTargetDependency */ = {
			isa = PBXTargetDependency;
			target = E5EED5E92C32DFFB00CBB5A5 /* Networking */;
			targetProxy = E5EED5F42C32DFFB00CBB5A5 /* PBXContainerItemProxy */;
		};
/* End PBXTargetDependency section */

/* Begin XCBuildConfiguration section */
		E5EED5FA2C32DFFB00CBB5A5 /* Debug */ = {
			isa = XCBuildConfiguration;
			buildSettings = {
				ALWAYS_SEARCH_USER_PATHS = NO;
				ASSETCATALOG_COMPILER_GENERATE_SWIFT_ASSET_SYMBOL_EXTENSIONS = YES;
				CLANG_ANALYZER_NONNULL = YES;
				CLANG_ANALYZER_NUMBER_OBJECT_CONVERSION = YES_AGGRESSIVE;
				CLANG_CXX_LANGUAGE_STANDARD = "gnu++20";
				CLANG_ENABLE_MODULES = YES;
				CLANG_ENABLE_OBJC_ARC = YES;
				CLANG_ENABLE_OBJC_WEAK = YES;
				CLANG_WARN_BLOCK_CAPTURE_AUTORELEASING = YES;
				CLANG_WARN_BOOL_CONVERSION = YES;
				CLANG_WARN_COMMA = YES;
				CLANG_WARN_CONSTANT_CONVERSION = YES;
				CLANG_WARN_DEPRECATED_OBJC_IMPLEMENTATIONS = YES;
				CLANG_WARN_DIRECT_OBJC_ISA_USAGE = YES_ERROR;
				CLANG_WARN_DOCUMENTATION_COMMENTS = YES;
				CLANG_WARN_EMPTY_BODY = YES;
				CLANG_WARN_ENUM_CONVERSION = YES;
				CLANG_WARN_INFINITE_RECURSION = YES;
				CLANG_WARN_INT_CONVERSION = YES;
				CLANG_WARN_NON_LITERAL_NULL_CONVERSION = YES;
				CLANG_WARN_OBJC_IMPLICIT_RETAIN_SELF = YES;
				CLANG_WARN_OBJC_LITERAL_CONVERSION = YES;
				CLANG_WARN_OBJC_ROOT_CLASS = YES_ERROR;
				CLANG_WARN_QUOTED_INCLUDE_IN_FRAMEWORK_HEADER = YES;
				CLANG_WARN_RANGE_LOOP_ANALYSIS = YES;
				CLANG_WARN_STRICT_PROTOTYPES = YES;
				CLANG_WARN_SUSPICIOUS_MOVE = YES;
				CLANG_WARN_UNGUARDED_AVAILABILITY = YES_AGGRESSIVE;
				CLANG_WARN_UNREACHABLE_CODE = YES;
				CLANG_WARN__DUPLICATE_METHOD_MATCH = YES;
				COPY_PHASE_STRIP = NO;
				CURRENT_PROJECT_VERSION = 1;
				DEBUG_INFORMATION_FORMAT = dwarf;
				ENABLE_STRICT_OBJC_MSGSEND = YES;
				ENABLE_TESTABILITY = YES;
				ENABLE_USER_SCRIPT_SANDBOXING = YES;
				GCC_C_LANGUAGE_STANDARD = gnu17;
				GCC_DYNAMIC_NO_PIC = NO;
				GCC_NO_COMMON_BLOCKS = YES;
				GCC_OPTIMIZATION_LEVEL = 0;
				GCC_PREPROCESSOR_DEFINITIONS = (
					"DEBUG=1",
					"$(inherited)",
				);
				GCC_WARN_64_TO_32_BIT_CONVERSION = YES;
				GCC_WARN_ABOUT_RETURN_TYPE = YES_ERROR;
				GCC_WARN_UNDECLARED_SELECTOR = YES;
				GCC_WARN_UNINITIALIZED_AUTOS = YES_AGGRESSIVE;
				GCC_WARN_UNUSED_FUNCTION = YES;
				GCC_WARN_UNUSED_VARIABLE = YES;
				IPHONEOS_DEPLOYMENT_TARGET = 17.4;
				LOCALIZATION_PREFERS_STRING_CATALOGS = YES;
				MTL_ENABLE_DEBUG_INFO = INCLUDE_SOURCE;
				MTL_FAST_MATH = YES;
				ONLY_ACTIVE_ARCH = YES;
				SDKROOT = iphoneos;
				SWIFT_ACTIVE_COMPILATION_CONDITIONS = "DEBUG $(inherited)";
				SWIFT_OPTIMIZATION_LEVEL = "-Onone";
				VERSIONING_SYSTEM = "apple-generic";
				VERSION_INFO_PREFIX = "";
			};
			name = Debug;
		};
		E5EED5FB2C32DFFB00CBB5A5 /* Release */ = {
			isa = XCBuildConfiguration;
			buildSettings = {
				ALWAYS_SEARCH_USER_PATHS = NO;
				ASSETCATALOG_COMPILER_GENERATE_SWIFT_ASSET_SYMBOL_EXTENSIONS = YES;
				CLANG_ANALYZER_NONNULL = YES;
				CLANG_ANALYZER_NUMBER_OBJECT_CONVERSION = YES_AGGRESSIVE;
				CLANG_CXX_LANGUAGE_STANDARD = "gnu++20";
				CLANG_ENABLE_MODULES = YES;
				CLANG_ENABLE_OBJC_ARC = YES;
				CLANG_ENABLE_OBJC_WEAK = YES;
				CLANG_WARN_BLOCK_CAPTURE_AUTORELEASING = YES;
				CLANG_WARN_BOOL_CONVERSION = YES;
				CLANG_WARN_COMMA = YES;
				CLANG_WARN_CONSTANT_CONVERSION = YES;
				CLANG_WARN_DEPRECATED_OBJC_IMPLEMENTATIONS = YES;
				CLANG_WARN_DIRECT_OBJC_ISA_USAGE = YES_ERROR;
				CLANG_WARN_DOCUMENTATION_COMMENTS = YES;
				CLANG_WARN_EMPTY_BODY = YES;
				CLANG_WARN_ENUM_CONVERSION = YES;
				CLANG_WARN_INFINITE_RECURSION = YES;
				CLANG_WARN_INT_CONVERSION = YES;
				CLANG_WARN_NON_LITERAL_NULL_CONVERSION = YES;
				CLANG_WARN_OBJC_IMPLICIT_RETAIN_SELF = YES;
				CLANG_WARN_OBJC_LITERAL_CONVERSION = YES;
				CLANG_WARN_OBJC_ROOT_CLASS = YES_ERROR;
				CLANG_WARN_QUOTED_INCLUDE_IN_FRAMEWORK_HEADER = YES;
				CLANG_WARN_RANGE_LOOP_ANALYSIS = YES;
				CLANG_WARN_STRICT_PROTOTYPES = YES;
				CLANG_WARN_SUSPICIOUS_MOVE = YES;
				CLANG_WARN_UNGUARDED_AVAILABILITY = YES_AGGRESSIVE;
				CLANG_WARN_UNREACHABLE_CODE = YES;
				CLANG_WARN__DUPLICATE_METHOD_MATCH = YES;
				COPY_PHASE_STRIP = NO;
				CURRENT_PROJECT_VERSION = 1;
				DEBUG_INFORMATION_FORMAT = "dwarf-with-dsym";
				ENABLE_NS_ASSERTIONS = NO;
				ENABLE_STRICT_OBJC_MSGSEND = YES;
				ENABLE_USER_SCRIPT_SANDBOXING = YES;
				GCC_C_LANGUAGE_STANDARD = gnu17;
				GCC_NO_COMMON_BLOCKS = YES;
				GCC_WARN_64_TO_32_BIT_CONVERSION = YES;
				GCC_WARN_ABOUT_RETURN_TYPE = YES_ERROR;
				GCC_WARN_UNDECLARED_SELECTOR = YES;
				GCC_WARN_UNINITIALIZED_AUTOS = YES_AGGRESSIVE;
				GCC_WARN_UNUSED_FUNCTION = YES;
				GCC_WARN_UNUSED_VARIABLE = YES;
				IPHONEOS_DEPLOYMENT_TARGET = 17.4;
				LOCALIZATION_PREFERS_STRING_CATALOGS = YES;
				MTL_ENABLE_DEBUG_INFO = NO;
				MTL_FAST_MATH = YES;
				SDKROOT = iphoneos;
				SWIFT_COMPILATION_MODE = wholemodule;
				VALIDATE_PRODUCT = YES;
				VERSIONING_SYSTEM = "apple-generic";
				VERSION_INFO_PREFIX = "";
			};
			name = Release;
		};
		E5EED5FD2C32DFFB00CBB5A5 /* Debug */ = {
			isa = XCBuildConfiguration;
			buildSettings = {
				BUILD_LIBRARY_FOR_DISTRIBUTION = YES;
				CLANG_ENABLE_MODULES = YES;
				CODE_SIGN_STYLE = Automatic;
				CURRENT_PROJECT_VERSION = 1;
				DEFINES_MODULE = YES;
				DEVELOPMENT_TEAM = MN83RGRAF4;
				DYLIB_COMPATIBILITY_VERSION = 1;
				DYLIB_CURRENT_VERSION = 1;
				DYLIB_INSTALL_NAME_BASE = "@rpath";
				ENABLE_MODULE_VERIFIER = YES;
				GENERATE_INFOPLIST_FILE = YES;
				INFOPLIST_KEY_NSHumanReadableCopyright = "";
				INSTALL_PATH = "$(LOCAL_LIBRARY_DIR)/Frameworks";
				LD_RUNPATH_SEARCH_PATHS = (
					"$(inherited)",
					"@executable_path/Frameworks",
					"@loader_path/Frameworks",
				);
				MARKETING_VERSION = 1.0;
				MODULE_VERIFIER_SUPPORTED_LANGUAGES = "objective-c objective-c++";
				MODULE_VERIFIER_SUPPORTED_LANGUAGE_STANDARDS = "gnu17 gnu++20";
				PRODUCT_BUNDLE_IDENTIFIER = co.mahmoud.Networking;
				PRODUCT_NAME = "$(TARGET_NAME:c99extidentifier)";
				SKIP_INSTALL = YES;
				SUPPORTED_PLATFORMS = "iphoneos iphonesimulator";
				SUPPORTS_MACCATALYST = NO;
				SUPPORTS_MAC_DESIGNED_FOR_IPHONE_IPAD = NO;
				SUPPORTS_XR_DESIGNED_FOR_IPHONE_IPAD = NO;
				SWIFT_EMIT_LOC_STRINGS = YES;
				SWIFT_INSTALL_OBJC_HEADER = NO;
				SWIFT_OPTIMIZATION_LEVEL = "-Onone";
				SWIFT_VERSION = 5.0;
				TARGETED_DEVICE_FAMILY = 1;
			};
			name = Debug;
		};
		E5EED5FE2C32DFFB00CBB5A5 /* Release */ = {
			isa = XCBuildConfiguration;
			buildSettings = {
				BUILD_LIBRARY_FOR_DISTRIBUTION = YES;
				CLANG_ENABLE_MODULES = YES;
				CODE_SIGN_STYLE = Automatic;
				CURRENT_PROJECT_VERSION = 1;
				DEFINES_MODULE = YES;
				DEVELOPMENT_TEAM = MN83RGRAF4;
				DYLIB_COMPATIBILITY_VERSION = 1;
				DYLIB_CURRENT_VERSION = 1;
				DYLIB_INSTALL_NAME_BASE = "@rpath";
				ENABLE_MODULE_VERIFIER = YES;
				GENERATE_INFOPLIST_FILE = YES;
				INFOPLIST_KEY_NSHumanReadableCopyright = "";
				INSTALL_PATH = "$(LOCAL_LIBRARY_DIR)/Frameworks";
				LD_RUNPATH_SEARCH_PATHS = (
					"$(inherited)",
					"@executable_path/Frameworks",
					"@loader_path/Frameworks",
				);
				MARKETING_VERSION = 1.0;
				MODULE_VERIFIER_SUPPORTED_LANGUAGES = "objective-c objective-c++";
				MODULE_VERIFIER_SUPPORTED_LANGUAGE_STANDARDS = "gnu17 gnu++20";
				PRODUCT_BUNDLE_IDENTIFIER = co.mahmoud.Networking;
				PRODUCT_NAME = "$(TARGET_NAME:c99extidentifier)";
				SKIP_INSTALL = YES;
				SUPPORTED_PLATFORMS = "iphoneos iphonesimulator";
				SUPPORTS_MACCATALYST = NO;
				SUPPORTS_MAC_DESIGNED_FOR_IPHONE_IPAD = NO;
				SUPPORTS_XR_DESIGNED_FOR_IPHONE_IPAD = NO;
				SWIFT_EMIT_LOC_STRINGS = YES;
				SWIFT_INSTALL_OBJC_HEADER = NO;
				SWIFT_VERSION = 5.0;
				TARGETED_DEVICE_FAMILY = 1;
			};
			name = Release;
		};
		E5EED6002C32DFFB00CBB5A5 /* Debug */ = {
			isa = XCBuildConfiguration;
			buildSettings = {
				ALWAYS_EMBED_SWIFT_STANDARD_LIBRARIES = YES;
				CODE_SIGN_STYLE = Automatic;
				CURRENT_PROJECT_VERSION = 1;
				DEVELOPMENT_TEAM = MN83RGRAF4;
				GENERATE_INFOPLIST_FILE = YES;
				MARKETING_VERSION = 1.0;
				PRODUCT_BUNDLE_IDENTIFIER = co.mahmoud.NetworkingTests;
				PRODUCT_NAME = "$(TARGET_NAME)";
				SWIFT_EMIT_LOC_STRINGS = NO;
				SWIFT_VERSION = 5.0;
				TARGETED_DEVICE_FAMILY = "1,2";
			};
			name = Debug;
		};
		E5EED6012C32DFFB00CBB5A5 /* Release */ = {
			isa = XCBuildConfiguration;
			buildSettings = {
				ALWAYS_EMBED_SWIFT_STANDARD_LIBRARIES = YES;
				CODE_SIGN_STYLE = Automatic;
				CURRENT_PROJECT_VERSION = 1;
				DEVELOPMENT_TEAM = MN83RGRAF4;
				GENERATE_INFOPLIST_FILE = YES;
				MARKETING_VERSION = 1.0;
				PRODUCT_BUNDLE_IDENTIFIER = co.mahmoud.NetworkingTests;
				PRODUCT_NAME = "$(TARGET_NAME)";
				SWIFT_EMIT_LOC_STRINGS = NO;
				SWIFT_VERSION = 5.0;
				TARGETED_DEVICE_FAMILY = "1,2";
			};
			name = Release;
		};
/* End XCBuildConfiguration section */

/* Begin XCConfigurationList section */
		E5EED5E42C32DFFB00CBB5A5 /* Build configuration list for PBXProject "Networking" */ = {
			isa = XCConfigurationList;
			buildConfigurations = (
				E5EED5FA2C32DFFB00CBB5A5 /* Debug */,
				E5EED5FB2C32DFFB00CBB5A5 /* Release */,
			);
			defaultConfigurationIsVisible = 0;
			defaultConfigurationName = Release;
		};
		E5EED5FC2C32DFFB00CBB5A5 /* Build configuration list for PBXNativeTarget "Networking" */ = {
			isa = XCConfigurationList;
			buildConfigurations = (
				E5EED5FD2C32DFFB00CBB5A5 /* Debug */,
				E5EED5FE2C32DFFB00CBB5A5 /* Release */,
			);
			defaultConfigurationIsVisible = 0;
			defaultConfigurationName = Release;
		};
		E5EED5FF2C32DFFB00CBB5A5 /* Build configuration list for PBXNativeTarget "NetworkingTests" */ = {
			isa = XCConfigurationList;
			buildConfigurations = (
				E5EED6002C32DFFB00CBB5A5 /* Debug */,
				E5EED6012C32DFFB00CBB5A5 /* Release */,
			);
			defaultConfigurationIsVisible = 0;
			defaultConfigurationName = Release;
		};
/* End XCConfigurationList section */
	};
	rootObject = E5EED5E12C32DFFB00CBB5A5 /* Project object */;
}
