// !$*UTF8*$!
{
	archiveVersion = 1;
	classes = {
	};
	objectVersion = 56;
	objects = {

/* Begin PBXBuildFile section */
		E589CC8A2C34557200BA4430 /* MovieDetailsUseCase.swift in Sources */ = {isa = PBXBuildFile; fileRef = E589CC892C34557200BA4430 /* MovieDetailsUseCase.swift */; };
		E589CC8E2C3456AA00BA4430 /* MovieDetails.swift in Sources */ = {isa = PBXBuildFile; fileRef = E589CC8D2C3456AA00BA4430 /* MovieDetails.swift */; };
		E589CCA32C34E81000BA4430 /* MockMoviesRepository.swift in Sources */ = {isa = PBXBuildFile; fileRef = E589CCA22C34E81000BA4430 /* MockMoviesRepository.swift */; };
		E589CCA62C34E86300BA4430 /* DefaultMovieDetailsUseCaseTests.swift in Sources */ = {isa = PBXBuildFile; fileRef = E589CCA52C34E86300BA4430 /* DefaultMovieDetailsUseCaseTests.swift */; };
		E5EED70A2C32F56D00CBB5A5 /* Domain.framework in Frameworks */ = {isa = PBXBuildFile; fileRef = E5EED7012C32F56D00CBB5A5 /* Domain.framework */; };
		E5EED7102C32F56D00CBB5A5 /* Domain.h in Headers */ = {isa = PBXBuildFile; fileRef = E5EED7042C32F56D00CBB5A5 /* Domain.h */; settings = {ATTRIBUTES = (Public, ); }; };
		E5EED71D2C32F5D300CBB5A5 /* Movie.swift in Sources */ = {isa = PBXBuildFile; fileRef = E5EED71C2C32F5D300CBB5A5 /* Movie.swift */; };
		E5EED71F2C32F61600CBB5A5 /* MoviesPage.swift in Sources */ = {isa = PBXBuildFile; fileRef = E5EED71E2C32F61600CBB5A5 /* MoviesPage.swift */; };
		E5EED7212C32FDFF00CBB5A5 /* UpcomingMoviesUseCase.swift in Sources */ = {isa = PBXBuildFile; fileRef = E5EED7202C32FDFF00CBB5A5 /* UpcomingMoviesUseCase.swift */; };
		E5EED8412C33275300CBB5A5 /* MoviesRepository.swift in Sources */ = {isa = PBXBuildFile; fileRef = E5EED8402C33275300CBB5A5 /* MoviesRepository.swift */; };
		E5EED8592C33652000CBB5A5 /* NowPlayingMoviesUseCase.swift in Sources */ = {isa = PBXBuildFile; fileRef = E5EED8582C33652000CBB5A5 /* NowPlayingMoviesUseCase.swift */; };
		E5EED85B2C33652C00CBB5A5 /* PopularMoviesUseCase.swift in Sources */ = {isa = PBXBuildFile; fileRef = E5EED85A2C33652C00CBB5A5 /* PopularMoviesUseCase.swift */; };
/* End PBXBuildFile section */

/* Begin PBXContainerItemProxy section */
		E5EED70B2C32F56D00CBB5A5 /* PBXContainerItemProxy */ = {
			isa = PBXContainerItemProxy;
			containerPortal = E5EED6F82C32F56D00CBB5A5 /* Project object */;
			proxyType = 1;
			remoteGlobalIDString = E5EED7002C32F56D00CBB5A5;
			remoteInfo = Domain;
		};
/* End PBXContainerItemProxy section */

/* Begin PBXFileReference section */
		E589CC892C34557200BA4430 /* MovieDetailsUseCase.swift */ = {isa = PBXFileReference; lastKnownFileType = sourcecode.swift; path = MovieDetailsUseCase.swift; sourceTree = "<group>"; };
		E589CC8D2C3456AA00BA4430 /* MovieDetails.swift */ = {isa = PBXFileReference; lastKnownFileType = sourcecode.swift; path = MovieDetails.swift; sourceTree = "<group>"; };
		E589CCA22C34E81000BA4430 /* MockMoviesRepository.swift */ = {isa = PBXFileReference; lastKnownFileType = sourcecode.swift; path = MockMoviesRepository.swift; sourceTree = "<group>"; };
		E589CCA52C34E86300BA4430 /* DefaultMovieDetailsUseCaseTests.swift */ = {isa = PBXFileReference; lastKnownFileType = sourcecode.swift; path = DefaultMovieDetailsUseCaseTests.swift; sourceTree = "<group>"; };
		E5EED7012C32F56D00CBB5A5 /* Domain.framework */ = {isa = PBXFileReference; explicitFileType = wrapper.framework; includeInIndex = 0; path = Domain.framework; sourceTree = BUILT_PRODUCTS_DIR; };
		E5EED7042C32F56D00CBB5A5 /* Domain.h */ = {isa = PBXFileReference; lastKnownFileType = sourcecode.c.h; path = Domain.h; sourceTree = "<group>"; };
		E5EED7092C32F56D00CBB5A5 /* DomainTests.xctest */ = {isa = PBXFileReference; explicitFileType = wrapper.cfbundle; includeInIndex = 0; path = DomainTests.xctest; sourceTree = BUILT_PRODUCTS_DIR; };
		E5EED71C2C32F5D300CBB5A5 /* Movie.swift */ = {isa = PBXFileReference; lastKnownFileType = sourcecode.swift; path = Movie.swift; sourceTree = "<group>"; };
		E5EED71E2C32F61600CBB5A5 /* MoviesPage.swift */ = {isa = PBXFileReference; lastKnownFileType = sourcecode.swift; path = MoviesPage.swift; sourceTree = "<group>"; };
		E5EED7202C32FDFF00CBB5A5 /* UpcomingMoviesUseCase.swift */ = {isa = PBXFileReference; lastKnownFileType = sourcecode.swift; path = UpcomingMoviesUseCase.swift; sourceTree = "<group>"; };
		E5EED7632C3314A500CBB5A5 /* Networking.framework */ = {isa = PBXFileReference; explicitFileType = wrapper.framework; path = Networking.framework; sourceTree = BUILT_PRODUCTS_DIR; };
		E5EED79C2C3316DF00CBB5A5 /* Data.framework */ = {isa = PBXFileReference; explicitFileType = wrapper.framework; path = Data.framework; sourceTree = BUILT_PRODUCTS_DIR; };
		E5EED8402C33275300CBB5A5 /* MoviesRepository.swift */ = {isa = PBXFileReference; lastKnownFileType = sourcecode.swift; path = MoviesRepository.swift; sourceTree = "<group>"; };
		E5EED8582C33652000CBB5A5 /* NowPlayingMoviesUseCase.swift */ = {isa = PBXFileReference; lastKnownFileType = sourcecode.swift; path = NowPlayingMoviesUseCase.swift; sourceTree = "<group>"; };
		E5EED85A2C33652C00CBB5A5 /* PopularMoviesUseCase.swift */ = {isa = PBXFileReference; lastKnownFileType = sourcecode.swift; path = PopularMoviesUseCase.swift; sourceTree = "<group>"; };
/* End PBXFileReference section */

/* Begin PBXFrameworksBuildPhase section */
		E5EED6FE2C32F56D00CBB5A5 /* Frameworks */ = {
			isa = PBXFrameworksBuildPhase;
			buildActionMask = 2147483647;
			files = (
			);
			runOnlyForDeploymentPostprocessing = 0;
		};
		E5EED7062C32F56D00CBB5A5 /* Frameworks */ = {
			isa = PBXFrameworksBuildPhase;
			buildActionMask = 2147483647;
			files = (
				E5EED70A2C32F56D00CBB5A5 /* Domain.framework in Frameworks */,
			);
			runOnlyForDeploymentPostprocessing = 0;
		};
/* End PBXFrameworksBuildPhase section */

/* Begin PBXGroup section */
		E589CCA12C34E80300BA4430 /* Mocks */ = {
			isa = PBXGroup;
			children = (
				E589CCA22C34E81000BA4430 /* MockMoviesRepository.swift */,
			);
			path = Mocks;
			sourceTree = "<group>";
		};
		E589CCA42C34E84F00BA4430 /* UseCases */ = {
			isa = PBXGroup;
			children = (
				E589CCA52C34E86300BA4430 /* DefaultMovieDetailsUseCaseTests.swift */,
			);
			path = UseCases;
			sourceTree = "<group>";
		};
		E5EED6F72C32F56D00CBB5A5 = {
			isa = PBXGroup;
			children = (
				E5EED7032C32F56D00CBB5A5 /* Domain */,
				E5EED70D2C32F56D00CBB5A5 /* DomainTests */,
				E5EED7022C32F56D00CBB5A5 /* Products */,
				E5EED7622C3314A500CBB5A5 /* Frameworks */,
			);
			sourceTree = "<group>";
		};
		E5EED7022C32F56D00CBB5A5 /* Products */ = {
			isa = PBXGroup;
			children = (
				E5EED7012C32F56D00CBB5A5 /* Domain.framework */,
				E5EED7092C32F56D00CBB5A5 /* DomainTests.xctest */,
			);
			name = Products;
			sourceTree = "<group>";
		};
		E5EED7032C32F56D00CBB5A5 /* Domain */ = {
			isa = PBXGroup;
			children = (
				E5EED71B2C32F5C100CBB5A5 /* UseCases */,
				E5EED71A2C32F5B600CBB5A5 /* Entities */,
				E5EED7192C32F5A300CBB5A5 /* Interfaces */,
				E5EED7042C32F56D00CBB5A5 /* Domain.h */,
			);
			path = Domain;
			sourceTree = "<group>";
		};
		E5EED70D2C32F56D00CBB5A5 /* DomainTests */ = {
			isa = PBXGroup;
			children = (
				E589CCA42C34E84F00BA4430 /* UseCases */,
				E589CCA12C34E80300BA4430 /* Mocks */,
			);
			path = DomainTests;
			sourceTree = "<group>";
		};
		E5EED7192C32F5A300CBB5A5 /* Interfaces */ = {
			isa = PBXGroup;
			children = (
				E5EED8402C33275300CBB5A5 /* MoviesRepository.swift */,
			);
			path = Interfaces;
			sourceTree = "<group>";
		};
		E5EED71A2C32F5B600CBB5A5 /* Entities */ = {
			isa = PBXGroup;
			children = (
				E5EED71C2C32F5D300CBB5A5 /* Movie.swift */,
				E5EED71E2C32F61600CBB5A5 /* MoviesPage.swift */,
				E589CC8D2C3456AA00BA4430 /* MovieDetails.swift */,
			);
			path = Entities;
			sourceTree = "<group>";
		};
		E5EED71B2C32F5C100CBB5A5 /* UseCases */ = {
			isa = PBXGroup;
			children = (
				E5EED7202C32FDFF00CBB5A5 /* UpcomingMoviesUseCase.swift */,
				E5EED8582C33652000CBB5A5 /* NowPlayingMoviesUseCase.swift */,
				E5EED85A2C33652C00CBB5A5 /* PopularMoviesUseCase.swift */,
				E589CC892C34557200BA4430 /* MovieDetailsUseCase.swift */,
			);
			path = UseCases;
			sourceTree = "<group>";
		};
		E5EED7622C3314A500CBB5A5 /* Frameworks */ = {
			isa = PBXGroup;
			children = (
				E5EED79C2C3316DF00CBB5A5 /* Data.framework */,
				E5EED7632C3314A500CBB5A5 /* Networking.framework */,
			);
			name = Frameworks;
			sourceTree = "<group>";
		};
/* End PBXGroup section */

/* Begin PBXHeadersBuildPhase section */
		E5EED6FC2C32F56D00CBB5A5 /* Headers */ = {
			isa = PBXHeadersBuildPhase;
			buildActionMask = 2147483647;
			files = (
				E5EED7102C32F56D00CBB5A5 /* Domain.h in Headers */,
			);
			runOnlyForDeploymentPostprocessing = 0;
		};
/* End PBXHeadersBuildPhase section */

/* Begin PBXNativeTarget section */
		E5EED7002C32F56D00CBB5A5 /* Domain */ = {
			isa = PBXNativeTarget;
			buildConfigurationList = E5EED7132C32F56D00CBB5A5 /* Build configuration list for PBXNativeTarget "Domain" */;
			buildPhases = (
				E5EED6FC2C32F56D00CBB5A5 /* Headers */,
				E5EED6FD2C32F56D00CBB5A5 /* Sources */,
				E5EED6FE2C32F56D00CBB5A5 /* Frameworks */,
				E5EED6FF2C32F56D00CBB5A5 /* Resources */,
			);
			buildRules = (
			);
			dependencies = (
			);
			name = Domain;
			productName = Domain;
			productReference = E5EED7012C32F56D00CBB5A5 /* Domain.framework */;
			productType = "com.apple.product-type.framework";
		};
		E5EED7082C32F56D00CBB5A5 /* DomainTests */ = {
			isa = PBXNativeTarget;
			buildConfigurationList = E5EED7162C32F56D00CBB5A5 /* Build configuration list for PBXNativeTarget "DomainTests" */;
			buildPhases = (
				E5EED7052C32F56D00CBB5A5 /* Sources */,
				E5EED7062C32F56D00CBB5A5 /* Frameworks */,
				E5EED7072C32F56D00CBB5A5 /* Resources */,
			);
			buildRules = (
			);
			dependencies = (
				E5EED70C2C32F56D00CBB5A5 /* PBXTargetDependency */,
			);
			name = DomainTests;
			productName = DomainTests;
			productReference = E5EED7092C32F56D00CBB5A5 /* DomainTests.xctest */;
			productType = "com.apple.product-type.bundle.unit-test";
		};
/* End PBXNativeTarget section */

/* Begin PBXProject section */
		E5EED6F82C32F56D00CBB5A5 /* Project object */ = {
			isa = PBXProject;
			attributes = {
				BuildIndependentTargetsInParallel = 1;
				LastSwiftUpdateCheck = 1530;
				LastUpgradeCheck = 1530;
				TargetAttributes = {
					E5EED7002C32F56D00CBB5A5 = {
						CreatedOnToolsVersion = 15.3;
						LastSwiftMigration = 1530;
					};
					E5EED7082C32F56D00CBB5A5 = {
						CreatedOnToolsVersion = 15.3;
					};
				};
			};
			buildConfigurationList = E5EED6FB2C32F56D00CBB5A5 /* Build configuration list for PBXProject "Domain" */;
			compatibilityVersion = "Xcode 14.0";
			developmentRegion = en;
			hasScannedForEncodings = 0;
			knownRegions = (
				en,
				Base,
			);
			mainGroup = E5EED6F72C32F56D00CBB5A5;
			productRefGroup = E5EED7022C32F56D00CBB5A5 /* Products */;
			projectDirPath = "";
			projectRoot = "";
			targets = (
				E5EED7002C32F56D00CBB5A5 /* Domain */,
				E5EED7082C32F56D00CBB5A5 /* DomainTests */,
			);
		};
/* End PBXProject section */

/* Begin PBXResourcesBuildPhase section */
		E5EED6FF2C32F56D00CBB5A5 /* Resources */ = {
			isa = PBXResourcesBuildPhase;
			buildActionMask = 2147483647;
			files = (
			);
			runOnlyForDeploymentPostprocessing = 0;
		};
		E5EED7072C32F56D00CBB5A5 /* Resources */ = {
			isa = PBXResourcesBuildPhase;
			buildActionMask = 2147483647;
			files = (
			);
			runOnlyForDeploymentPostprocessing = 0;
		};
/* End PBXResourcesBuildPhase section */

/* Begin PBXSourcesBuildPhase section */
		E5EED6FD2C32F56D00CBB5A5 /* Sources */ = {
			isa = PBXSourcesBuildPhase;
			buildActionMask = 2147483647;
			files = (
				E5EED85B2C33652C00CBB5A5 /* PopularMoviesUseCase.swift in Sources */,
				E5EED8412C33275300CBB5A5 /* MoviesRepository.swift in Sources */,
				E5EED71D2C32F5D300CBB5A5 /* Movie.swift in Sources */,
				E589CC8E2C3456AA00BA4430 /* MovieDetails.swift in Sources */,
				E5EED7212C32FDFF00CBB5A5 /* UpcomingMoviesUseCase.swift in Sources */,
				E589CC8A2C34557200BA4430 /* MovieDetailsUseCase.swift in Sources */,
				E5EED71F2C32F61600CBB5A5 /* MoviesPage.swift in Sources */,
				E5EED8592C33652000CBB5A5 /* NowPlayingMoviesUseCase.swift in Sources */,
			);
			runOnlyForDeploymentPostprocessing = 0;
		};
		E5EED7052C32F56D00CBB5A5 /* Sources */ = {
			isa = PBXSourcesBuildPhase;
			buildActionMask = 2147483647;
			files = (
				E589CCA62C34E86300BA4430 /* DefaultMovieDetailsUseCaseTests.swift in Sources */,
				E589CCA32C34E81000BA4430 /* MockMoviesRepository.swift in Sources */,
			);
			runOnlyForDeploymentPostprocessing = 0;
		};
/* End PBXSourcesBuildPhase section */

/* Begin PBXTargetDependency section */
		E5EED70C2C32F56D00CBB5A5 /* PBXTargetDependency */ = {
			isa = PBXTargetDependency;
			target = E5EED7002C32F56D00CBB5A5 /* Domain */;
			targetProxy = E5EED70B2C32F56D00CBB5A5 /* PBXContainerItemProxy */;
		};
/* End PBXTargetDependency section */

/* Begin XCBuildConfiguration section */
		E5EED7112C32F56D00CBB5A5 /* Debug */ = {
			isa = XCBuildConfiguration;
			buildSettings = {
				ALWAYS_SEARCH_USER_PATHS = NO;
				ASSETCATALOG_COMPILER_GENERATE_SWIFT_ASSET_SYMBOL_EXTENSIONS = YES;
				CLANG_ANALYZER_NONNULL = YES;
				CLANG_ANALYZER_NUMBER_OBJECT_CONVERSION = YES_AGGRESSIVE;
				CLANG_CXX_LANGUAGE_STANDARD = "gnu++20";
				CLANG_ENABLE_MODULES = YES;
				CLANG_ENABLE_OBJC_ARC = YES;
				CLANG_ENABLE_OBJC_WEAK = YES;
				CLANG_WARN_BLOCK_CAPTURE_AUTORELEASING = YES;
				CLANG_WARN_BOOL_CONVERSION = YES;
				CLANG_WARN_COMMA = YES;
				CLANG_WARN_CONSTANT_CONVERSION = YES;
				CLANG_WARN_DEPRECATED_OBJC_IMPLEMENTATIONS = YES;
				CLANG_WARN_DIRECT_OBJC_ISA_USAGE = YES_ERROR;
				CLANG_WARN_DOCUMENTATION_COMMENTS = YES;
				CLANG_WARN_EMPTY_BODY = YES;
				CLANG_WARN_ENUM_CONVERSION = YES;
				CLANG_WARN_INFINITE_RECURSION = YES;
				CLANG_WARN_INT_CONVERSION = YES;
				CLANG_WARN_NON_LITERAL_NULL_CONVERSION = YES;
				CLANG_WARN_OBJC_IMPLICIT_RETAIN_SELF = YES;
				CLANG_WARN_OBJC_LITERAL_CONVERSION = YES;
				CLANG_WARN_OBJC_ROOT_CLASS = YES_ERROR;
				CLANG_WARN_QUOTED_INCLUDE_IN_FRAMEWORK_HEADER = YES;
				CLANG_WARN_RANGE_LOOP_ANALYSIS = YES;
				CLANG_WARN_STRICT_PROTOTYPES = YES;
				CLANG_WARN_SUSPICIOUS_MOVE = YES;
				CLANG_WARN_UNGUARDED_AVAILABILITY = YES_AGGRESSIVE;
				CLANG_WARN_UNREACHABLE_CODE = YES;
				CLANG_WARN__DUPLICATE_METHOD_MATCH = YES;
				COPY_PHASE_STRIP = NO;
				CURRENT_PROJECT_VERSION = 1;
				DEBUG_INFORMATION_FORMAT = dwarf;
				ENABLE_STRICT_OBJC_MSGSEND = YES;
				ENABLE_TESTABILITY = YES;
				ENABLE_USER_SCRIPT_SANDBOXING = YES;
				GCC_C_LANGUAGE_STANDARD = gnu17;
				GCC_DYNAMIC_NO_PIC = NO;
				GCC_NO_COMMON_BLOCKS = YES;
				GCC_OPTIMIZATION_LEVEL = 0;
				GCC_PREPROCESSOR_DEFINITIONS = (
					"DEBUG=1",
					"$(inherited)",
				);
				GCC_WARN_64_TO_32_BIT_CONVERSION = YES;
				GCC_WARN_ABOUT_RETURN_TYPE = YES_ERROR;
				GCC_WARN_UNDECLARED_SELECTOR = YES;
				GCC_WARN_UNINITIALIZED_AUTOS = YES_AGGRESSIVE;
				GCC_WARN_UNUSED_FUNCTION = YES;
				GCC_WARN_UNUSED_VARIABLE = YES;
				LOCALIZATION_PREFERS_STRING_CATALOGS = YES;
				MTL_ENABLE_DEBUG_INFO = INCLUDE_SOURCE;
				MTL_FAST_MATH = YES;
				ONLY_ACTIVE_ARCH = YES;
				SWIFT_ACTIVE_COMPILATION_CONDITIONS = "DEBUG $(inherited)";
				SWIFT_OPTIMIZATION_LEVEL = "-Onone";
				VERSIONING_SYSTEM = "apple-generic";
				VERSION_INFO_PREFIX = "";
			};
			name = Debug;
		};
		E5EED7122C32F56D00CBB5A5 /* Release */ = {
			isa = XCBuildConfiguration;
			buildSettings = {
				ALWAYS_SEARCH_USER_PATHS = NO;
				ASSETCATALOG_COMPILER_GENERATE_SWIFT_ASSET_SYMBOL_EXTENSIONS = YES;
				CLANG_ANALYZER_NONNULL = YES;
				CLANG_ANALYZER_NUMBER_OBJECT_CONVERSION = YES_AGGRESSIVE;
				CLANG_CXX_LANGUAGE_STANDARD = "gnu++20";
				CLANG_ENABLE_MODULES = YES;
				CLANG_ENABLE_OBJC_ARC = YES;
				CLANG_ENABLE_OBJC_WEAK = YES;
				CLANG_WARN_BLOCK_CAPTURE_AUTORELEASING = YES;
				CLANG_WARN_BOOL_CONVERSION = YES;
				CLANG_WARN_COMMA = YES;
				CLANG_WARN_CONSTANT_CONVERSION = YES;
				CLANG_WARN_DEPRECATED_OBJC_IMPLEMENTATIONS = YES;
				CLANG_WARN_DIRECT_OBJC_ISA_USAGE = YES_ERROR;
				CLANG_WARN_DOCUMENTATION_COMMENTS = YES;
				CLANG_WARN_EMPTY_BODY = YES;
				CLANG_WARN_ENUM_CONVERSION = YES;
				CLANG_WARN_INFINITE_RECURSION = YES;
				CLANG_WARN_INT_CONVERSION = YES;
				CLANG_WARN_NON_LITERAL_NULL_CONVERSION = YES;
				CLANG_WARN_OBJC_IMPLICIT_RETAIN_SELF = YES;
				CLANG_WARN_OBJC_LITERAL_CONVERSION = YES;
				CLANG_WARN_OBJC_ROOT_CLASS = YES_ERROR;
				CLANG_WARN_QUOTED_INCLUDE_IN_FRAMEWORK_HEADER = YES;
				CLANG_WARN_RANGE_LOOP_ANALYSIS = YES;
				CLANG_WARN_STRICT_PROTOTYPES = YES;
				CLANG_WARN_SUSPICIOUS_MOVE = YES;
				CLANG_WARN_UNGUARDED_AVAILABILITY = YES_AGGRESSIVE;
				CLANG_WARN_UNREACHABLE_CODE = YES;
				CLANG_WARN__DUPLICATE_METHOD_MATCH = YES;
				COPY_PHASE_STRIP = NO;
				CURRENT_PROJECT_VERSION = 1;
				DEBUG_INFORMATION_FORMAT = "dwarf-with-dsym";
				ENABLE_NS_ASSERTIONS = NO;
				ENABLE_STRICT_OBJC_MSGSEND = YES;
				ENABLE_USER_SCRIPT_SANDBOXING = YES;
				GCC_C_LANGUAGE_STANDARD = gnu17;
				GCC_NO_COMMON_BLOCKS = YES;
				GCC_WARN_64_TO_32_BIT_CONVERSION = YES;
				GCC_WARN_ABOUT_RETURN_TYPE = YES_ERROR;
				GCC_WARN_UNDECLARED_SELECTOR = YES;
				GCC_WARN_UNINITIALIZED_AUTOS = YES_AGGRESSIVE;
				GCC_WARN_UNUSED_FUNCTION = YES;
				GCC_WARN_UNUSED_VARIABLE = YES;
				LOCALIZATION_PREFERS_STRING_CATALOGS = YES;
				MTL_ENABLE_DEBUG_INFO = NO;
				MTL_FAST_MATH = YES;
				SWIFT_COMPILATION_MODE = wholemodule;
				VERSIONING_SYSTEM = "apple-generic";
				VERSION_INFO_PREFIX = "";
			};
			name = Release;
		};
		E5EED7142C32F56D00CBB5A5 /* Debug */ = {
			isa = XCBuildConfiguration;
			buildSettings = {
				ALLOW_TARGET_PLATFORM_SPECIALIZATION = YES;
				BUILD_LIBRARY_FOR_DISTRIBUTION = YES;
				CLANG_ENABLE_MODULES = YES;
				CODE_SIGN_STYLE = Automatic;
				CURRENT_PROJECT_VERSION = 1;
				DEFINES_MODULE = YES;
				DEVELOPMENT_TEAM = MN83RGRAF4;
				DYLIB_COMPATIBILITY_VERSION = 1;
				DYLIB_CURRENT_VERSION = 1;
				DYLIB_INSTALL_NAME_BASE = "@rpath";
				ENABLE_MODULE_VERIFIER = YES;
				GENERATE_INFOPLIST_FILE = YES;
				INFOPLIST_KEY_NSHumanReadableCopyright = "";
				INSTALL_PATH = "$(LOCAL_LIBRARY_DIR)/Frameworks";
				IPHONEOS_DEPLOYMENT_TARGET = 17.4;
				LD_RUNPATH_SEARCH_PATHS = (
					"@executable_path/Frameworks",
					"@loader_path/Frameworks",
				);
				"LD_RUNPATH_SEARCH_PATHS[sdk=macosx*]" = (
					"@executable_path/../Frameworks",
					"@loader_path/Frameworks",
				);
				MACOSX_DEPLOYMENT_TARGET = 14.4;
				MARKETING_VERSION = 1.0;
				MODULE_VERIFIER_SUPPORTED_LANGUAGES = "objective-c objective-c++";
				MODULE_VERIFIER_SUPPORTED_LANGUAGE_STANDARDS = "gnu17 gnu++20";
				PRODUCT_BUNDLE_IDENTIFIER = co.mahmoud.Domain;
				PRODUCT_NAME = "$(TARGET_NAME:c99extidentifier)";
				SDKROOT = auto;
				SKIP_INSTALL = YES;
				SUPPORTED_PLATFORMS = "iphoneos iphonesimulator macosx";
				SWIFT_EMIT_LOC_STRINGS = YES;
				SWIFT_INSTALL_OBJC_HEADER = NO;
				SWIFT_OPTIMIZATION_LEVEL = "-Onone";
				SWIFT_VERSION = 5.0;
				TARGETED_DEVICE_FAMILY = "1,2";
			};
			name = Debug;
		};
		E5EED7152C32F56D00CBB5A5 /* Release */ = {
			isa = XCBuildConfiguration;
			buildSettings = {
				ALLOW_TARGET_PLATFORM_SPECIALIZATION = YES;
				BUILD_LIBRARY_FOR_DISTRIBUTION = YES;
				CLANG_ENABLE_MODULES = YES;
				CODE_SIGN_STYLE = Automatic;
				CURRENT_PROJECT_VERSION = 1;
				DEFINES_MODULE = YES;
				DEVELOPMENT_TEAM = MN83RGRAF4;
				DYLIB_COMPATIBILITY_VERSION = 1;
				DYLIB_CURRENT_VERSION = 1;
				DYLIB_INSTALL_NAME_BASE = "@rpath";
				ENABLE_MODULE_VERIFIER = YES;
				GENERATE_INFOPLIST_FILE = YES;
				INFOPLIST_KEY_NSHumanReadableCopyright = "";
				INSTALL_PATH = "$(LOCAL_LIBRARY_DIR)/Frameworks";
				IPHONEOS_DEPLOYMENT_TARGET = 17.4;
				LD_RUNPATH_SEARCH_PATHS = (
					"@executable_path/Frameworks",
					"@loader_path/Frameworks",
				);
				"LD_RUNPATH_SEARCH_PATHS[sdk=macosx*]" = (
					"@executable_path/../Frameworks",
					"@loader_path/Frameworks",
				);
				MACOSX_DEPLOYMENT_TARGET = 14.4;
				MARKETING_VERSION = 1.0;
				MODULE_VERIFIER_SUPPORTED_LANGUAGES = "objective-c objective-c++";
				MODULE_VERIFIER_SUPPORTED_LANGUAGE_STANDARDS = "gnu17 gnu++20";
				PRODUCT_BUNDLE_IDENTIFIER = co.mahmoud.Domain;
				PRODUCT_NAME = "$(TARGET_NAME:c99extidentifier)";
				SDKROOT = auto;
				SKIP_INSTALL = YES;
				SUPPORTED_PLATFORMS = "iphoneos iphonesimulator macosx";
				SWIFT_EMIT_LOC_STRINGS = YES;
				SWIFT_INSTALL_OBJC_HEADER = NO;
				SWIFT_VERSION = 5.0;
				TARGETED_DEVICE_FAMILY = "1,2";
			};
			name = Release;
		};
		E5EED7172C32F56D00CBB5A5 /* Debug */ = {
			isa = XCBuildConfiguration;
			buildSettings = {
				ALLOW_TARGET_PLATFORM_SPECIALIZATION = YES;
				ALWAYS_EMBED_SWIFT_STANDARD_LIBRARIES = YES;
				CODE_SIGN_STYLE = Automatic;
				CURRENT_PROJECT_VERSION = 1;
				DEVELOPMENT_TEAM = MN83RGRAF4;
				GENERATE_INFOPLIST_FILE = YES;
				IPHONEOS_DEPLOYMENT_TARGET = 17.4;
				MACOSX_DEPLOYMENT_TARGET = 14.4;
				MARKETING_VERSION = 1.0;
				PRODUCT_BUNDLE_IDENTIFIER = co.mahmoud.DomainTests;
				PRODUCT_NAME = "$(TARGET_NAME)";
				SDKROOT = auto;
				SUPPORTED_PLATFORMS = "iphoneos iphonesimulator macosx";
				SWIFT_EMIT_LOC_STRINGS = NO;
				SWIFT_VERSION = 5.0;
				TARGETED_DEVICE_FAMILY = "1,2";
			};
			name = Debug;
		};
		E5EED7182C32F56D00CBB5A5 /* Release */ = {
			isa = XCBuildConfiguration;
			buildSettings = {
				ALLOW_TARGET_PLATFORM_SPECIALIZATION = YES;
				ALWAYS_EMBED_SWIFT_STANDARD_LIBRARIES = YES;
				CODE_SIGN_STYLE = Automatic;
				CURRENT_PROJECT_VERSION = 1;
				DEVELOPMENT_TEAM = MN83RGRAF4;
				GENERATE_INFOPLIST_FILE = YES;
				IPHONEOS_DEPLOYMENT_TARGET = 17.4;
				MACOSX_DEPLOYMENT_TARGET = 14.4;
				MARKETING_VERSION = 1.0;
				PRODUCT_BUNDLE_IDENTIFIER = co.mahmoud.DomainTests;
				PRODUCT_NAME = "$(TARGET_NAME)";
				SDKROOT = auto;
				SUPPORTED_PLATFORMS = "iphoneos iphonesimulator macosx";
				SWIFT_EMIT_LOC_STRINGS = NO;
				SWIFT_VERSION = 5.0;
				TARGETED_DEVICE_FAMILY = "1,2";
			};
			name = Release;
		};
/* End XCBuildConfiguration section */

/* Begin XCConfigurationList section */
		E5EED6FB2C32F56D00CBB5A5 /* Build configuration list for PBXProject "Domain" */ = {
			isa = XCConfigurationList;
			buildConfigurations = (
				E5EED7112C32F56D00CBB5A5 /* Debug */,
				E5EED7122C32F56D00CBB5A5 /* Release */,
			);
			defaultConfigurationIsVisible = 0;
			defaultConfigurationName = Release;
		};
		E5EED7132C32F56D00CBB5A5 /* Build configuration list for PBXNativeTarget "Domain" */ = {
			isa = XCConfigurationList;
			buildConfigurations = (
				E5EED7142C32F56D00CBB5A5 /* Debug */,
				E5EED7152C32F56D00CBB5A5 /* Release */,
			);
			defaultConfigurationIsVisible = 0;
			defaultConfigurationName = Release;
		};
		E5EED7162C32F56D00CBB5A5 /* Build configuration list for PBXNativeTarget "DomainTests" */ = {
			isa = XCConfigurationList;
			buildConfigurations = (
				E5EED7172C32F56D00CBB5A5 /* Debug */,
				E5EED7182C32F56D00CBB5A5 /* Release */,
			);
			defaultConfigurationIsVisible = 0;
			defaultConfigurationName = Release;
		};
/* End XCConfigurationList section */
	};
	rootObject = E5EED6F82C32F56D00CBB5A5 /* Project object */;
}
